<?xml version="1.0" encoding="UTF-8"?>
<Project ToolsVersion="12.0" xmlns="http://schemas.microsoft.com/developer/msbuild/2003">
  <ItemGroup>
    <ClCompile Include="E:\GameChain\GameChainBaseCore\libraries\utilities\key_conversion.cpp">
      <Filter>Source Files</Filter>
    </ClCompile>
    <ClCompile Include="E:\GameChain\GameChainBaseCore\libraries\utilities\string_escape.cpp">
      <Filter>Source Files</Filter>
    </ClCompile>
    <ClCompile Include="E:\GameChain\GameChainBaseCore\libraries\utilities\tempdir.cpp">
      <Filter>Source Files</Filter>
    </ClCompile>
    <ClCompile Include="E:\GameChain\GameChainBaseCore\libraries\utilities\words.cpp">
      <Filter>Source Files</Filter>
    </ClCompile>
    <ClCompile Include="E:\GameChain\GameChainBaseCore\libraries\utilities\git_revision.cpp">
      <Filter>Source Files</Filter>
    </ClCompile>
  </ItemGroup>
  <ItemGroup>
    <ClInclude Include="E:\GameChain\GameChainBaseCore\libraries\utilities\include\graphene\utilities\git_revision.hpp">
      <Filter>Header Files</Filter>
    </ClInclude>
    <ClInclude Include="E:\GameChain\GameChainBaseCore\libraries\utilities\include\graphene\utilities\key_conversion.hpp">
      <Filter>Header Files</Filter>
    </ClInclude>
    <ClInclude Include="E:\GameChain\GameChainBaseCore\libraries\utilities\include\graphene\utilities\padding_ostream.hpp">
      <Filter>Header Files</Filter>
    </ClInclude>
    <ClInclude Include="E:\GameChain\GameChainBaseCore\libraries\utilities\include\graphene\utilities\string_escape.hpp">
      <Filter>Header Files</Filter>
    </ClInclude>
    <ClInclude Include="E:\GameChain\GameChainBaseCore\libraries\utilities\include\graphene\utilities\tempdir.hpp">
      <Filter>Header Files</Filter>
    </ClInclude>
    <ClInclude Include="E:\GameChain\GameChainBaseCore\libraries\utilities\include\graphene\utilities\words.hpp">
      <Filter>Header Files</Filter>
    </ClInclude>
  </ItemGroup>
  <ItemGroup>
    <CustomBuild Include="E:\GameChain\GameChainBaseCore\libraries\utilities\CMakeLists.txt" />
  </ItemGroup>
  <ItemGroup>
    <Filter Include="Source Files">
      <UniqueIdentifier>{8482F4AC-46FA-3CD1-8502-1F35C7C1883E}</UniqueIdentifier>
    </Filter>
    <Filter Include="Header Files">
      <UniqueIdentifier>{FE2EED4C-853C-3B6D-9911-35D0ABE39231}</UniqueIdentifier>
    </Filter>
  </ItemGroup>
</Project>
