<?xml version="1.0" encoding="UTF-8"?>
<Project ToolsVersion="12.0" xmlns="http://schemas.microsoft.com/developer/msbuild/2003">
  <ItemGroup>
    <CustomBuild Include="E:\GameChain\GameChainBaseCore\CMakeFiles\c7b0a327394b5bb6bd82f925786c4393\INSTALL_force.rule">
      <Filter>CMake Rules</Filter>
    </CustomBuild>
  </ItemGroup>
  <ItemGroup>
    <Filter Include="CMake Rules">
      <UniqueIdentifier>{28400960-9D02-3C33-8514-813DABDC64F4}</UniqueIdentifier>
    </Filter>
  </ItemGroup>
</Project>
