Microsoft Visual Studio Solution File, Format Version 12.00
# Visual Studio 2013
Project("{2150E333-8FDC-42A3-9474-1A3956D46DE8}") = "CMakePredefinedTargets", "CMakePredefinedTargets", "{8DBB17E4-ED9B-3E56-8D9E-A3C42538F051}"
EndProject
Project("{8BC9CEB8-8B4A-11D0-8D11-00A0C91BC942}") = "ALL_BUILD", "ALL_BUILD.vcxproj", "{B57CF955-5682-3E80-BDB4-F3D60812901E}"
	ProjectSection(ProjectDependencies) = postProject
		{AC89D13F-C19B-361E-A6B5-DC7DA0EBD9D2} = {AC89D13F-C19B-361E-A6B5-DC7DA0EBD9D2}
		{7A31DF09-3B4B-3D55-9D8F-16DE6D610DE5} = {7A31DF09-3B4B-3D55-9D8F-16DE6D610DE5}
		{B7E847C7-87FF-3EAF-ADCF-249D5DB53291} = {B7E847C7-87FF-3EAF-ADCF-249D5DB53291}
		{EE6A55F0-DCC4-3FEF-888F-A94489A78E02} = {EE6A55F0-DCC4-3FEF-888F-A94489A78E02}
		{8A39D2F6-C18A-38E4-AB90-2771D03A2474} = {8A39D2F6-C18A-38E4-AB90-2771D03A2474}
		{B91723EF-4C60-394A-ACB9-C21904DEBC13} = {B91723EF-4C60-394A-ACB9-C21904DEBC13}
		{4B8BD51B-B387-3BB7-BB8A-269F09C95EE8} = {4B8BD51B-B387-3BB7-BB8A-269F09C95EE8}
		{69221627-BFAF-3B53-B016-9CB730519E62} = {69221627-BFAF-3B53-B016-9CB730519E62}
		{A599B077-6968-388A-B65B-16F8C2DA2CD2} = {A599B077-6968-388A-B65B-16F8C2DA2CD2}
		{E5DDDC65-87BF-365A-BF86-B8A76C7627F3} = {E5DDDC65-87BF-365A-BF86-B8A76C7627F3}
		{37C88A6A-A122-3DF4-A816-0D348058D07C} = {37C88A6A-A122-3DF4-A816-0D348058D07C}
		{CE59298A-BCA2-3369-9023-E3C676AA83BF} = {CE59298A-BCA2-3369-9023-E3C676AA83BF}
		{D0BE5A8F-0B01-3E8C-9669-572EF7BD20C0} = {D0BE5A8F-0B01-3E8C-9669-572EF7BD20C0}
		{4789EA8C-FF30-3837-BFEA-9AD19BEC9183} = {4789EA8C-FF30-3837-BFEA-9AD19BEC9183}
		{A24DD8DB-FED0-361E-A0B0-4ACD7A8BBEA7} = {A24DD8DB-FED0-361E-A0B0-4ACD7A8BBEA7}
		{C6A60947-0869-3096-93F5-B1C246E80809} = {C6A60947-0869-3096-93F5-B1C246E80809}
		{EE320A4C-2DB7-357B-8699-4BAAD5054CD0} = {EE320A4C-2DB7-357B-8699-4BAAD5054CD0}
		{842E4A43-13B2-305F-A79D-34344DCD4F46} = {842E4A43-13B2-305F-A79D-34344DCD4F46}
		{7900F715-DA79-3243-ADAC-CEF99B150DE0} = {7900F715-DA79-3243-ADAC-CEF99B150DE0}
		{B1BDFBA4-1487-31C3-B87E-46F211EBCC20} = {B1BDFBA4-1487-31C3-B87E-46F211EBCC20}
		{8663AD9C-3F9E-35FE-96DC-BD0BAF58F673} = {8663AD9C-3F9E-35FE-96DC-BD0BAF58F673}
		{A2BEFD38-C320-3BDB-B6E0-61B5EB576B93} = {A2BEFD38-C320-3BDB-B6E0-61B5EB576B93}
		{05E985D7-7A1B-35E6-AEBD-49AA0EFF67EE} = {05E985D7-7A1B-35E6-AEBD-49AA0EFF67EE}
		{50926796-B67E-38D5-9FD8-F56BDAEF90B4} = {50926796-B67E-38D5-9FD8-F56BDAEF90B4}
		{54D15914-93A9-3671-B1B1-7A26C19FFB9E} = {54D15914-93A9-3671-B1B1-7A26C19FFB9E}
		{20368100-3B9E-3E3D-BA0F-77714ECACE5F} = {20368100-3B9E-3E3D-BA0F-77714ECACE5F}
		{C4A4FFB7-AB91-37C8-A89F-0BECB515E502} = {C4A4FFB7-AB91-37C8-A89F-0BECB515E502}
		{F2708B8B-E375-397C-82B0-FCAEEAD3AEB9} = {F2708B8B-E375-397C-82B0-FCAEEAD3AEB9}
		{EFEEAA24-C542-32B6-B1C7-117CF38C9CBD} = {EFEEAA24-C542-32B6-B1C7-117CF38C9CBD}
		{5C3ECA5E-7990-33C8-B398-46730C3B0A0C} = {5C3ECA5E-7990-33C8-B398-46730C3B0A0C}
		{8BB0B2F0-589F-3724-A219-AC7600A037A0} = {8BB0B2F0-589F-3724-A219-AC7600A037A0}
		{8DFA2DFE-653C-3893-8991-AC88AAFAA33C} = {8DFA2DFE-653C-3893-8991-AC88AAFAA33C}
		{F8235B3F-FE60-311A-9DCF-85769DC1F409} = {F8235B3F-FE60-311A-9DCF-85769DC1F409}
		{2483BC63-F21B-3A25-B6A1-27A435D67486} = {2483BC63-F21B-3A25-B6A1-27A435D67486}
		{5977B4A2-F3F3-3BE5-ACB1-A298249C1890} = {5977B4A2-F3F3-3BE5-ACB1-A298249C1890}
		{DB594F55-E2A4-3C43-A47E-BF590233212C} = {DB594F55-E2A4-3C43-A47E-BF590233212C}
		{FC402854-F040-3B7F-B3F1-072D762D6C61} = {FC402854-F040-3B7F-B3F1-072D762D6C61}
		{BAC57D75-5323-3EC3-9D7E-6ADBF46A3279} = {BAC57D75-5323-3EC3-9D7E-6ADBF46A3279}
		{F83FAE8D-A904-3AC8-BB45-83BE6A667948} = {F83FAE8D-A904-3AC8-BB45-83BE6A667948}
		{4F1BA5C9-01A5-39C4-B478-7345720D1145} = {4F1BA5C9-01A5-39C4-B478-7345720D1145}
		{B469479B-B4B1-3F6E-8DC7-B5777DC89BC0} = {B469479B-B4B1-3F6E-8DC7-B5777DC89BC0}
		{4D0D116B-8016-382D-8C8F-E9F0A03526AA} = {4D0D116B-8016-382D-8C8F-E9F0A03526AA}
		{153A4511-D2A1-39C7-A5A4-B5FA8C8255F5} = {153A4511-D2A1-39C7-A5A4-B5FA8C8255F5}
		{F987E810-D736-3EE3-8E6B-8B3AEEC9FF0D} = {F987E810-D736-3EE3-8E6B-8B3AEEC9FF0D}
	EndProjectSection
EndProject
Project("{8BC9CEB8-8B4A-11D0-8D11-00A0C91BC942}") = "INSTALL", "INSTALL.vcxproj", "{122DB396-A10C-364F-A783-565F1129FFEC}"
	ProjectSection(ProjectDependencies) = postProject
		{B57CF955-5682-3E80-BDB4-F3D60812901E} = {B57CF955-5682-3E80-BDB4-F3D60812901E}
		{AC89D13F-C19B-361E-A6B5-DC7DA0EBD9D2} = {AC89D13F-C19B-361E-A6B5-DC7DA0EBD9D2}
	EndProjectSection
EndProject
Project("{8BC9CEB8-8B4A-11D0-8D11-00A0C91BC942}") = "ZERO_CHECK", "ZERO_CHECK.vcxproj", "{AC89D13F-C19B-361E-A6B5-DC7DA0EBD9D2}"
	ProjectSection(ProjectDependencies) = postProject
	EndProjectSection
EndProject
Project("{8BC9CEB8-8B4A-11D0-8D11-00A0C91BC942}") = "all_tests", "libraries\fc\tests\all_tests.vcxproj", "{7A31DF09-3B4B-3D55-9D8F-16DE6D610DE5}"
	ProjectSection(ProjectDependencies) = postProject
		{AC89D13F-C19B-361E-A6B5-DC7DA0EBD9D2} = {AC89D13F-C19B-361E-A6B5-DC7DA0EBD9D2}
		{7900F715-DA79-3243-ADAC-CEF99B150DE0} = {7900F715-DA79-3243-ADAC-CEF99B150DE0}
		{B469479B-B4B1-3F6E-8DC7-B5777DC89BC0} = {B469479B-B4B1-3F6E-8DC7-B5777DC89BC0}
	EndProjectSection
EndProject
Project("{8BC9CEB8-8B4A-11D0-8D11-00A0C91BC942}") = "api", "libraries\fc\tests\api.vcxproj", "{B7E847C7-87FF-3EAF-ADCF-249D5DB53291}"
	ProjectSection(ProjectDependencies) = postProject
		{AC89D13F-C19B-361E-A6B5-DC7DA0EBD9D2} = {AC89D13F-C19B-361E-A6B5-DC7DA0EBD9D2}
		{7900F715-DA79-3243-ADAC-CEF99B150DE0} = {7900F715-DA79-3243-ADAC-CEF99B150DE0}
		{B469479B-B4B1-3F6E-8DC7-B5777DC89BC0} = {B469479B-B4B1-3F6E-8DC7-B5777DC89BC0}
	EndProjectSection
EndProject
Project("{8BC9CEB8-8B4A-11D0-8D11-00A0C91BC942}") = "app_test", "tests\app_test.vcxproj", "{EE6A55F0-DCC4-3FEF-888F-A94489A78E02}"
	ProjectSection(ProjectDependencies) = postProject
		{AC89D13F-C19B-361E-A6B5-DC7DA0EBD9D2} = {AC89D13F-C19B-361E-A6B5-DC7DA0EBD9D2}
		{7900F715-DA79-3243-ADAC-CEF99B150DE0} = {7900F715-DA79-3243-ADAC-CEF99B150DE0}
		{05E985D7-7A1B-35E6-AEBD-49AA0EFF67EE} = {05E985D7-7A1B-35E6-AEBD-49AA0EFF67EE}
		{50926796-B67E-38D5-9FD8-F56BDAEF90B4} = {50926796-B67E-38D5-9FD8-F56BDAEF90B4}
		{54D15914-93A9-3671-B1B1-7A26C19FFB9E} = {54D15914-93A9-3671-B1B1-7A26C19FFB9E}
		{EFEEAA24-C542-32B6-B1C7-117CF38C9CBD} = {EFEEAA24-C542-32B6-B1C7-117CF38C9CBD}
		{5C3ECA5E-7990-33C8-B398-46730C3B0A0C} = {5C3ECA5E-7990-33C8-B398-46730C3B0A0C}
		{8BB0B2F0-589F-3724-A219-AC7600A037A0} = {8BB0B2F0-589F-3724-A219-AC7600A037A0}
		{B469479B-B4B1-3F6E-8DC7-B5777DC89BC0} = {B469479B-B4B1-3F6E-8DC7-B5777DC89BC0}
	EndProjectSection
EndProject
Project("{8BC9CEB8-8B4A-11D0-8D11-00A0C91BC942}") = "bip_lock", "libraries\fc\tests\bip_lock.vcxproj", "{8A39D2F6-C18A-38E4-AB90-2771D03A2474}"
	ProjectSection(ProjectDependencies) = postProject
		{AC89D13F-C19B-361E-A6B5-DC7DA0EBD9D2} = {AC89D13F-C19B-361E-A6B5-DC7DA0EBD9D2}
		{7900F715-DA79-3243-ADAC-CEF99B150DE0} = {7900F715-DA79-3243-ADAC-CEF99B150DE0}
		{B469479B-B4B1-3F6E-8DC7-B5777DC89BC0} = {B469479B-B4B1-3F6E-8DC7-B5777DC89BC0}
	EndProjectSection
EndProject
Project("{8BC9CEB8-8B4A-11D0-8D11-00A0C91BC942}") = "blind", "libraries\fc\tests\blind.vcxproj", "{B91723EF-4C60-394A-ACB9-C21904DEBC13}"
	ProjectSection(ProjectDependencies) = postProject
		{AC89D13F-C19B-361E-A6B5-DC7DA0EBD9D2} = {AC89D13F-C19B-361E-A6B5-DC7DA0EBD9D2}
		{7900F715-DA79-3243-ADAC-CEF99B150DE0} = {7900F715-DA79-3243-ADAC-CEF99B150DE0}
		{B469479B-B4B1-3F6E-8DC7-B5777DC89BC0} = {B469479B-B4B1-3F6E-8DC7-B5777DC89BC0}
	EndProjectSection
EndProject
Project("{8BC9CEB8-8B4A-11D0-8D11-00A0C91BC942}") = "blinding_test", "libraries\fc\tests\blinding_test.vcxproj", "{4B8BD51B-B387-3BB7-BB8A-269F09C95EE8}"
	ProjectSection(ProjectDependencies) = postProject
		{AC89D13F-C19B-361E-A6B5-DC7DA0EBD9D2} = {AC89D13F-C19B-361E-A6B5-DC7DA0EBD9D2}
		{7900F715-DA79-3243-ADAC-CEF99B150DE0} = {7900F715-DA79-3243-ADAC-CEF99B150DE0}
		{B469479B-B4B1-3F6E-8DC7-B5777DC89BC0} = {B469479B-B4B1-3F6E-8DC7-B5777DC89BC0}
	EndProjectSection
EndProject
Project("{8BC9CEB8-8B4A-11D0-8D11-00A0C91BC942}") = "bloom_test", "libraries\fc\tests\bloom_test.vcxproj", "{69221627-BFAF-3B53-B016-9CB730519E62}"
	ProjectSection(ProjectDependencies) = postProject
		{AC89D13F-C19B-361E-A6B5-DC7DA0EBD9D2} = {AC89D13F-C19B-361E-A6B5-DC7DA0EBD9D2}
		{7900F715-DA79-3243-ADAC-CEF99B150DE0} = {7900F715-DA79-3243-ADAC-CEF99B150DE0}
		{B469479B-B4B1-3F6E-8DC7-B5777DC89BC0} = {B469479B-B4B1-3F6E-8DC7-B5777DC89BC0}
	EndProjectSection
EndProject
Project("{8BC9CEB8-8B4A-11D0-8D11-00A0C91BC942}") = "build_hardfork_hpp", "libraries\chain\build_hardfork_hpp.vcxproj", "{928A9A45-19F9-33BC-A7D4-1DC8E0A4ADDC}"
	ProjectSection(ProjectDependencies) = postProject
		{AC89D13F-C19B-361E-A6B5-DC7DA0EBD9D2} = {AC89D13F-C19B-361E-A6B5-DC7DA0EBD9D2}
		{A599B077-6968-388A-B65B-16F8C2DA2CD2} = {A599B077-6968-388A-B65B-16F8C2DA2CD2}
	EndProjectSection
EndProject
Project("{8BC9CEB8-8B4A-11D0-8D11-00A0C91BC942}") = "cat-parts", "programs\build_helpers\cat-parts.vcxproj", "{A599B077-6968-388A-B65B-16F8C2DA2CD2}"
	ProjectSection(ProjectDependencies) = postProject
		{AC89D13F-C19B-361E-A6B5-DC7DA0EBD9D2} = {AC89D13F-C19B-361E-A6B5-DC7DA0EBD9D2}
		{7900F715-DA79-3243-ADAC-CEF99B150DE0} = {7900F715-DA79-3243-ADAC-CEF99B150DE0}
		{B469479B-B4B1-3F6E-8DC7-B5777DC89BC0} = {B469479B-B4B1-3F6E-8DC7-B5777DC89BC0}
	EndProjectSection
EndProject
Project("{8BC9CEB8-8B4A-11D0-8D11-00A0C91BC942}") = "chain_bench", "tests\chain_bench.vcxproj", "{E5DDDC65-87BF-365A-BF86-B8A76C7627F3}"
	ProjectSection(ProjectDependencies) = postProject
		{AC89D13F-C19B-361E-A6B5-DC7DA0EBD9D2} = {AC89D13F-C19B-361E-A6B5-DC7DA0EBD9D2}
		{7900F715-DA79-3243-ADAC-CEF99B150DE0} = {7900F715-DA79-3243-ADAC-CEF99B150DE0}
		{05E985D7-7A1B-35E6-AEBD-49AA0EFF67EE} = {05E985D7-7A1B-35E6-AEBD-49AA0EFF67EE}
		{50926796-B67E-38D5-9FD8-F56BDAEF90B4} = {50926796-B67E-38D5-9FD8-F56BDAEF90B4}
		{54D15914-93A9-3671-B1B1-7A26C19FFB9E} = {54D15914-93A9-3671-B1B1-7A26C19FFB9E}
		{EFEEAA24-C542-32B6-B1C7-117CF38C9CBD} = {EFEEAA24-C542-32B6-B1C7-117CF38C9CBD}
		{5C3ECA5E-7990-33C8-B398-46730C3B0A0C} = {5C3ECA5E-7990-33C8-B398-46730C3B0A0C}
		{8BB0B2F0-589F-3724-A219-AC7600A037A0} = {8BB0B2F0-589F-3724-A219-AC7600A037A0}
		{B469479B-B4B1-3F6E-8DC7-B5777DC89BC0} = {B469479B-B4B1-3F6E-8DC7-B5777DC89BC0}
	EndProjectSection
EndProject
Project("{8BC9CEB8-8B4A-11D0-8D11-00A0C91BC942}") = "chain_test", "tests\chain_test.vcxproj", "{37C88A6A-A122-3DF4-A816-0D348058D07C}"
	ProjectSection(ProjectDependencies) = postProject
		{AC89D13F-C19B-361E-A6B5-DC7DA0EBD9D2} = {AC89D13F-C19B-361E-A6B5-DC7DA0EBD9D2}
		{7900F715-DA79-3243-ADAC-CEF99B150DE0} = {7900F715-DA79-3243-ADAC-CEF99B150DE0}
		{05E985D7-7A1B-35E6-AEBD-49AA0EFF67EE} = {05E985D7-7A1B-35E6-AEBD-49AA0EFF67EE}
		{50926796-B67E-38D5-9FD8-F56BDAEF90B4} = {50926796-B67E-38D5-9FD8-F56BDAEF90B4}
		{54D15914-93A9-3671-B1B1-7A26C19FFB9E} = {54D15914-93A9-3671-B1B1-7A26C19FFB9E}
		{EFEEAA24-C542-32B6-B1C7-117CF38C9CBD} = {EFEEAA24-C542-32B6-B1C7-117CF38C9CBD}
		{5C3ECA5E-7990-33C8-B398-46730C3B0A0C} = {5C3ECA5E-7990-33C8-B398-46730C3B0A0C}
		{8BB0B2F0-589F-3724-A219-AC7600A037A0} = {8BB0B2F0-589F-3724-A219-AC7600A037A0}
		{8DFA2DFE-653C-3893-8991-AC88AAFAA33C} = {8DFA2DFE-653C-3893-8991-AC88AAFAA33C}
		{B469479B-B4B1-3F6E-8DC7-B5777DC89BC0} = {B469479B-B4B1-3F6E-8DC7-B5777DC89BC0}
	EndProjectSection
EndProject
Project("{8BC9CEB8-8B4A-11D0-8D11-00A0C91BC942}") = "cli_wallet", "programs\cli_wallet\cli_wallet.vcxproj", "{CE59298A-BCA2-3369-9023-E3C676AA83BF}"
	ProjectSection(ProjectDependencies) = postProject
		{AC89D13F-C19B-361E-A6B5-DC7DA0EBD9D2} = {AC89D13F-C19B-361E-A6B5-DC7DA0EBD9D2}
		{7900F715-DA79-3243-ADAC-CEF99B150DE0} = {7900F715-DA79-3243-ADAC-CEF99B150DE0}
		{05E985D7-7A1B-35E6-AEBD-49AA0EFF67EE} = {05E985D7-7A1B-35E6-AEBD-49AA0EFF67EE}
		{50926796-B67E-38D5-9FD8-F56BDAEF90B4} = {50926796-B67E-38D5-9FD8-F56BDAEF90B4}
		{54D15914-93A9-3671-B1B1-7A26C19FFB9E} = {54D15914-93A9-3671-B1B1-7A26C19FFB9E}
		{C4A4FFB7-AB91-37C8-A89F-0BECB515E502} = {C4A4FFB7-AB91-37C8-A89F-0BECB515E502}
		{5C3ECA5E-7990-33C8-B398-46730C3B0A0C} = {5C3ECA5E-7990-33C8-B398-46730C3B0A0C}
		{8BB0B2F0-589F-3724-A219-AC7600A037A0} = {8BB0B2F0-589F-3724-A219-AC7600A037A0}
		{8DFA2DFE-653C-3893-8991-AC88AAFAA33C} = {8DFA2DFE-653C-3893-8991-AC88AAFAA33C}
		{B469479B-B4B1-3F6E-8DC7-B5777DC89BC0} = {B469479B-B4B1-3F6E-8DC7-B5777DC89BC0}
	EndProjectSection
EndProject
Project("{8BC9CEB8-8B4A-11D0-8D11-00A0C91BC942}") = "convert_address", "programs\genesis_util\convert_address.vcxproj", "{D0BE5A8F-0B01-3E8C-9669-572EF7BD20C0}"
	ProjectSection(ProjectDependencies) = postProject
		{AC89D13F-C19B-361E-A6B5-DC7DA0EBD9D2} = {AC89D13F-C19B-361E-A6B5-DC7DA0EBD9D2}
		{7900F715-DA79-3243-ADAC-CEF99B150DE0} = {7900F715-DA79-3243-ADAC-CEF99B150DE0}
		{50926796-B67E-38D5-9FD8-F56BDAEF90B4} = {50926796-B67E-38D5-9FD8-F56BDAEF90B4}
		{54D15914-93A9-3671-B1B1-7A26C19FFB9E} = {54D15914-93A9-3671-B1B1-7A26C19FFB9E}
		{B469479B-B4B1-3F6E-8DC7-B5777DC89BC0} = {B469479B-B4B1-3F6E-8DC7-B5777DC89BC0}
	EndProjectSection
EndProject
Project("{8BC9CEB8-8B4A-11D0-8D11-00A0C91BC942}") = "debug_node", "programs\debug_node\debug_node.vcxproj", "{4789EA8C-FF30-3837-BFEA-9AD19BEC9183}"
	ProjectSection(ProjectDependencies) = postProject
		{AC89D13F-C19B-361E-A6B5-DC7DA0EBD9D2} = {AC89D13F-C19B-361E-A6B5-DC7DA0EBD9D2}
		{7900F715-DA79-3243-ADAC-CEF99B150DE0} = {7900F715-DA79-3243-ADAC-CEF99B150DE0}
		{05E985D7-7A1B-35E6-AEBD-49AA0EFF67EE} = {05E985D7-7A1B-35E6-AEBD-49AA0EFF67EE}
		{50926796-B67E-38D5-9FD8-F56BDAEF90B4} = {50926796-B67E-38D5-9FD8-F56BDAEF90B4}
		{54D15914-93A9-3671-B1B1-7A26C19FFB9E} = {54D15914-93A9-3671-B1B1-7A26C19FFB9E}
		{F2708B8B-E375-397C-82B0-FCAEEAD3AEB9} = {F2708B8B-E375-397C-82B0-FCAEEAD3AEB9}
		{5C3ECA5E-7990-33C8-B398-46730C3B0A0C} = {5C3ECA5E-7990-33C8-B398-46730C3B0A0C}
		{8BB0B2F0-589F-3724-A219-AC7600A037A0} = {8BB0B2F0-589F-3724-A219-AC7600A037A0}
		{F8235B3F-FE60-311A-9DCF-85769DC1F409} = {F8235B3F-FE60-311A-9DCF-85769DC1F409}
		{B469479B-B4B1-3F6E-8DC7-B5777DC89BC0} = {B469479B-B4B1-3F6E-8DC7-B5777DC89BC0}
	EndProjectSection
EndProject
Project("{8BC9CEB8-8B4A-11D0-8D11-00A0C91BC942}") = "delayed_node", "programs\delayed_node\delayed_node.vcxproj", "{A24DD8DB-FED0-361E-A0B0-4ACD7A8BBEA7}"
	ProjectSection(ProjectDependencies) = postProject
		{AC89D13F-C19B-361E-A6B5-DC7DA0EBD9D2} = {AC89D13F-C19B-361E-A6B5-DC7DA0EBD9D2}
		{7900F715-DA79-3243-ADAC-CEF99B150DE0} = {7900F715-DA79-3243-ADAC-CEF99B150DE0}
		{05E985D7-7A1B-35E6-AEBD-49AA0EFF67EE} = {05E985D7-7A1B-35E6-AEBD-49AA0EFF67EE}
		{50926796-B67E-38D5-9FD8-F56BDAEF90B4} = {50926796-B67E-38D5-9FD8-F56BDAEF90B4}
		{54D15914-93A9-3671-B1B1-7A26C19FFB9E} = {54D15914-93A9-3671-B1B1-7A26C19FFB9E}
		{20368100-3B9E-3E3D-BA0F-77714ECACE5F} = {20368100-3B9E-3E3D-BA0F-77714ECACE5F}
		{F2708B8B-E375-397C-82B0-FCAEEAD3AEB9} = {F2708B8B-E375-397C-82B0-FCAEEAD3AEB9}
		{5C3ECA5E-7990-33C8-B398-46730C3B0A0C} = {5C3ECA5E-7990-33C8-B398-46730C3B0A0C}
		{8BB0B2F0-589F-3724-A219-AC7600A037A0} = {8BB0B2F0-589F-3724-A219-AC7600A037A0}
		{B469479B-B4B1-3F6E-8DC7-B5777DC89BC0} = {B469479B-B4B1-3F6E-8DC7-B5777DC89BC0}
	EndProjectSection
EndProject
Project("{8BC9CEB8-8B4A-11D0-8D11-00A0C91BC942}") = "deterministic_openssl_rand", "libraries\deterministic_openssl_rand\deterministic_openssl_rand.vcxproj", "{C6A60947-0869-3096-93F5-B1C246E80809}"
	ProjectSection(ProjectDependencies) = postProject
		{AC89D13F-C19B-361E-A6B5-DC7DA0EBD9D2} = {AC89D13F-C19B-361E-A6B5-DC7DA0EBD9D2}
		{7900F715-DA79-3243-ADAC-CEF99B150DE0} = {7900F715-DA79-3243-ADAC-CEF99B150DE0}
		{B469479B-B4B1-3F6E-8DC7-B5777DC89BC0} = {B469479B-B4B1-3F6E-8DC7-B5777DC89BC0}
	EndProjectSection
EndProject
Project("{8BC9CEB8-8B4A-11D0-8D11-00A0C91BC942}") = "ecc_test", "libraries\fc\tests\ecc_test.vcxproj", "{EE320A4C-2DB7-357B-8699-4BAAD5054CD0}"
	ProjectSection(ProjectDependencies) = postProject
		{AC89D13F-C19B-361E-A6B5-DC7DA0EBD9D2} = {AC89D13F-C19B-361E-A6B5-DC7DA0EBD9D2}
		{7900F715-DA79-3243-ADAC-CEF99B150DE0} = {7900F715-DA79-3243-ADAC-CEF99B150DE0}
		{B469479B-B4B1-3F6E-8DC7-B5777DC89BC0} = {B469479B-B4B1-3F6E-8DC7-B5777DC89BC0}
	EndProjectSection
EndProject
Project("{8BC9CEB8-8B4A-11D0-8D11-00A0C91BC942}") = "embed_genesis", "libraries\egenesis\embed_genesis.vcxproj", "{842E4A43-13B2-305F-A79D-34344DCD4F46}"
	ProjectSection(ProjectDependencies) = postProject
		{AC89D13F-C19B-361E-A6B5-DC7DA0EBD9D2} = {AC89D13F-C19B-361E-A6B5-DC7DA0EBD9D2}
		{7900F715-DA79-3243-ADAC-CEF99B150DE0} = {7900F715-DA79-3243-ADAC-CEF99B150DE0}
		{05E985D7-7A1B-35E6-AEBD-49AA0EFF67EE} = {05E985D7-7A1B-35E6-AEBD-49AA0EFF67EE}
		{50926796-B67E-38D5-9FD8-F56BDAEF90B4} = {50926796-B67E-38D5-9FD8-F56BDAEF90B4}
		{54D15914-93A9-3671-B1B1-7A26C19FFB9E} = {54D15914-93A9-3671-B1B1-7A26C19FFB9E}
		{EFEEAA24-C542-32B6-B1C7-117CF38C9CBD} = {EFEEAA24-C542-32B6-B1C7-117CF38C9CBD}
		{5C3ECA5E-7990-33C8-B398-46730C3B0A0C} = {5C3ECA5E-7990-33C8-B398-46730C3B0A0C}
		{8BB0B2F0-589F-3724-A219-AC7600A037A0} = {8BB0B2F0-589F-3724-A219-AC7600A037A0}
		{B469479B-B4B1-3F6E-8DC7-B5777DC89BC0} = {B469479B-B4B1-3F6E-8DC7-B5777DC89BC0}
	EndProjectSection
EndProject
Project("{8BC9CEB8-8B4A-11D0-8D11-00A0C91BC942}") = "fc", "libraries\fc\fc.vcxproj", "{7900F715-DA79-3243-ADAC-CEF99B150DE0}"
	ProjectSection(ProjectDependencies) = postProject
		{AC89D13F-C19B-361E-A6B5-DC7DA0EBD9D2} = {AC89D13F-C19B-361E-A6B5-DC7DA0EBD9D2}
		{B469479B-B4B1-3F6E-8DC7-B5777DC89BC0} = {B469479B-B4B1-3F6E-8DC7-B5777DC89BC0}
	EndProjectSection
EndProject
Project("{8BC9CEB8-8B4A-11D0-8D11-00A0C91BC942}") = "generate_empty_blocks", "tests\generate_empty_blocks\generate_empty_blocks.vcxproj", "{B1BDFBA4-1487-31C3-B87E-46F211EBCC20}"
	ProjectSection(ProjectDependencies) = postProject
		{AC89D13F-C19B-361E-A6B5-DC7DA0EBD9D2} = {AC89D13F-C19B-361E-A6B5-DC7DA0EBD9D2}
		{7900F715-DA79-3243-ADAC-CEF99B150DE0} = {7900F715-DA79-3243-ADAC-CEF99B150DE0}
		{05E985D7-7A1B-35E6-AEBD-49AA0EFF67EE} = {05E985D7-7A1B-35E6-AEBD-49AA0EFF67EE}
		{50926796-B67E-38D5-9FD8-F56BDAEF90B4} = {50926796-B67E-38D5-9FD8-F56BDAEF90B4}
		{54D15914-93A9-3671-B1B1-7A26C19FFB9E} = {54D15914-93A9-3671-B1B1-7A26C19FFB9E}
		{EFEEAA24-C542-32B6-B1C7-117CF38C9CBD} = {EFEEAA24-C542-32B6-B1C7-117CF38C9CBD}
		{5C3ECA5E-7990-33C8-B398-46730C3B0A0C} = {5C3ECA5E-7990-33C8-B398-46730C3B0A0C}
		{8BB0B2F0-589F-3724-A219-AC7600A037A0} = {8BB0B2F0-589F-3724-A219-AC7600A037A0}
		{B469479B-B4B1-3F6E-8DC7-B5777DC89BC0} = {B469479B-B4B1-3F6E-8DC7-B5777DC89BC0}
	EndProjectSection
EndProject
Project("{8BC9CEB8-8B4A-11D0-8D11-00A0C91BC942}") = "genesis_update", "programs\genesis_util\genesis_update.vcxproj", "{8663AD9C-3F9E-35FE-96DC-BD0BAF58F673}"
	ProjectSection(ProjectDependencies) = postProject
		{AC89D13F-C19B-361E-A6B5-DC7DA0EBD9D2} = {AC89D13F-C19B-361E-A6B5-DC7DA0EBD9D2}
		{7900F715-DA79-3243-ADAC-CEF99B150DE0} = {7900F715-DA79-3243-ADAC-CEF99B150DE0}
		{05E985D7-7A1B-35E6-AEBD-49AA0EFF67EE} = {05E985D7-7A1B-35E6-AEBD-49AA0EFF67EE}
		{50926796-B67E-38D5-9FD8-F56BDAEF90B4} = {50926796-B67E-38D5-9FD8-F56BDAEF90B4}
		{54D15914-93A9-3671-B1B1-7A26C19FFB9E} = {54D15914-93A9-3671-B1B1-7A26C19FFB9E}
		{EFEEAA24-C542-32B6-B1C7-117CF38C9CBD} = {EFEEAA24-C542-32B6-B1C7-117CF38C9CBD}
		{5C3ECA5E-7990-33C8-B398-46730C3B0A0C} = {5C3ECA5E-7990-33C8-B398-46730C3B0A0C}
		{8BB0B2F0-589F-3724-A219-AC7600A037A0} = {8BB0B2F0-589F-3724-A219-AC7600A037A0}
		{B469479B-B4B1-3F6E-8DC7-B5777DC89BC0} = {B469479B-B4B1-3F6E-8DC7-B5777DC89BC0}
	EndProjectSection
EndProject
Project("{8BC9CEB8-8B4A-11D0-8D11-00A0C91BC942}") = "get_dev_key", "programs\genesis_util\get_dev_key.vcxproj", "{A2BEFD38-C320-3BDB-B6E0-61B5EB576B93}"
	ProjectSection(ProjectDependencies) = postProject
		{AC89D13F-C19B-361E-A6B5-DC7DA0EBD9D2} = {AC89D13F-C19B-361E-A6B5-DC7DA0EBD9D2}
		{7900F715-DA79-3243-ADAC-CEF99B150DE0} = {7900F715-DA79-3243-ADAC-CEF99B150DE0}
		{05E985D7-7A1B-35E6-AEBD-49AA0EFF67EE} = {05E985D7-7A1B-35E6-AEBD-49AA0EFF67EE}
		{50926796-B67E-38D5-9FD8-F56BDAEF90B4} = {50926796-B67E-38D5-9FD8-F56BDAEF90B4}
		{54D15914-93A9-3671-B1B1-7A26C19FFB9E} = {54D15914-93A9-3671-B1B1-7A26C19FFB9E}
		{EFEEAA24-C542-32B6-B1C7-117CF38C9CBD} = {EFEEAA24-C542-32B6-B1C7-117CF38C9CBD}
		{5C3ECA5E-7990-33C8-B398-46730C3B0A0C} = {5C3ECA5E-7990-33C8-B398-46730C3B0A0C}
		{8BB0B2F0-589F-3724-A219-AC7600A037A0} = {8BB0B2F0-589F-3724-A219-AC7600A037A0}
		{B469479B-B4B1-3F6E-8DC7-B5777DC89BC0} = {B469479B-B4B1-3F6E-8DC7-B5777DC89BC0}
	EndProjectSection
EndProject
Project("{8BC9CEB8-8B4A-11D0-8D11-00A0C91BC942}") = "graphene_account_history", "libraries\plugins\account_history\graphene_account_history.vcxproj", "{9B8D5295-8923-37B7-AD86-393D3B1B9430}"
	ProjectSection(ProjectDependencies) = postProject
		{413A16C5-F8CA-36D0-890A-F03BD0F48B16} = {413A16C5-F8CA-36D0-890A-F03BD0F48B16}
	EndProjectSection
EndProject
Project("{8BC9CEB8-8B4A-11D0-8D11-00A0C91BC942}") = "graphene_app", "libraries\app\graphene_app.vcxproj", "{05E985D7-7A1B-35E6-AEBD-49AA0EFF67EE}"
	ProjectSection(ProjectDependencies) = postProject
		{9B8D5295-8923-37B7-AD86-393D3B1B9430} = {9B8D5295-8923-37B7-AD86-393D3B1B9430}
	EndProjectSection
EndProject
Project("{8BC9CEB8-8B4A-11D0-8D11-00A0C91BC942}") = "graphene_chain", "libraries\chain\graphene_chain.vcxproj", "{50926796-B67E-38D5-9FD8-F56BDAEF90B4}"
	ProjectSection(ProjectDependencies) = postProject
		{AC89D13F-C19B-361E-A6B5-DC7DA0EBD9D2} = {AC89D13F-C19B-361E-A6B5-DC7DA0EBD9D2}
		{928A9A45-19F9-33BC-A7D4-1DC8E0A4ADDC} = {928A9A45-19F9-33BC-A7D4-1DC8E0A4ADDC}
		{7900F715-DA79-3243-ADAC-CEF99B150DE0} = {7900F715-DA79-3243-ADAC-CEF99B150DE0}
		{54D15914-93A9-3671-B1B1-7A26C19FFB9E} = {54D15914-93A9-3671-B1B1-7A26C19FFB9E}
		{B469479B-B4B1-3F6E-8DC7-B5777DC89BC0} = {B469479B-B4B1-3F6E-8DC7-B5777DC89BC0}
	EndProjectSection
EndProject
Project("{8BC9CEB8-8B4A-11D0-8D11-00A0C91BC942}") = "graphene_db", "libraries\db\graphene_db.vcxproj", "{54D15914-93A9-3671-B1B1-7A26C19FFB9E}"
	ProjectSection(ProjectDependencies) = postProject
		{AC89D13F-C19B-361E-A6B5-DC7DA0EBD9D2} = {AC89D13F-C19B-361E-A6B5-DC7DA0EBD9D2}
		{7900F715-DA79-3243-ADAC-CEF99B150DE0} = {7900F715-DA79-3243-ADAC-CEF99B150DE0}
		{B469479B-B4B1-3F6E-8DC7-B5777DC89BC0} = {B469479B-B4B1-3F6E-8DC7-B5777DC89BC0}
	EndProjectSection
EndProject
Project("{8BC9CEB8-8B4A-11D0-8D11-00A0C91BC942}") = "graphene_debug_witness", "libraries\plugins\debug_witness\graphene_debug_witness.vcxproj", "{7E6B8352-562E-351B-8035-E933AA73E8AC}"
	ProjectSection(ProjectDependencies) = postProject
		{AC89D13F-C19B-361E-A6B5-DC7DA0EBD9D2} = {AC89D13F-C19B-361E-A6B5-DC7DA0EBD9D2}
		{7900F715-DA79-3243-ADAC-CEF99B150DE0} = {7900F715-DA79-3243-ADAC-CEF99B150DE0}
		{50926796-B67E-38D5-9FD8-F56BDAEF90B4} = {50926796-B67E-38D5-9FD8-F56BDAEF90B4}
		{54D15914-93A9-3671-B1B1-7A26C19FFB9E} = {54D15914-93A9-3671-B1B1-7A26C19FFB9E}
		{5C3ECA5E-7990-33C8-B398-46730C3B0A0C} = {5C3ECA5E-7990-33C8-B398-46730C3B0A0C}
		{8BB0B2F0-589F-3724-A219-AC7600A037A0} = {8BB0B2F0-589F-3724-A219-AC7600A037A0}
		{B469479B-B4B1-3F6E-8DC7-B5777DC89BC0} = {B469479B-B4B1-3F6E-8DC7-B5777DC89BC0}
	EndProjectSection
EndProject
Project("{8BC9CEB8-8B4A-11D0-8D11-00A0C91BC942}") = "graphene_delayed_node", "libraries\plugins\delayed_node\graphene_delayed_node.vcxproj", "{20368100-3B9E-3E3D-BA0F-77714ECACE5F}"
	ProjectSection(ProjectDependencies) = postProject
		{AC89D13F-C19B-361E-A6B5-DC7DA0EBD9D2} = {AC89D13F-C19B-361E-A6B5-DC7DA0EBD9D2}
		{7900F715-DA79-3243-ADAC-CEF99B150DE0} = {7900F715-DA79-3243-ADAC-CEF99B150DE0}
		{05E985D7-7A1B-35E6-AEBD-49AA0EFF67EE} = {05E985D7-7A1B-35E6-AEBD-49AA0EFF67EE}
		{50926796-B67E-38D5-9FD8-F56BDAEF90B4} = {50926796-B67E-38D5-9FD8-F56BDAEF90B4}
		{54D15914-93A9-3671-B1B1-7A26C19FFB9E} = {54D15914-93A9-3671-B1B1-7A26C19FFB9E}
		{5C3ECA5E-7990-33C8-B398-46730C3B0A0C} = {5C3ECA5E-7990-33C8-B398-46730C3B0A0C}
		{8BB0B2F0-589F-3724-A219-AC7600A037A0} = {8BB0B2F0-589F-3724-A219-AC7600A037A0}
		{B469479B-B4B1-3F6E-8DC7-B5777DC89BC0} = {B469479B-B4B1-3F6E-8DC7-B5777DC89BC0}
	EndProjectSection
EndProject
Project("{8BC9CEB8-8B4A-11D0-8D11-00A0C91BC942}") = "graphene_egenesis_brief", "libraries\egenesis\graphene_egenesis_brief.vcxproj", "{C4A4FFB7-AB91-37C8-A89F-0BECB515E502}"
	ProjectSection(ProjectDependencies) = postProject
		{AC89D13F-C19B-361E-A6B5-DC7DA0EBD9D2} = {AC89D13F-C19B-361E-A6B5-DC7DA0EBD9D2}
		{842E4A43-13B2-305F-A79D-34344DCD4F46} = {842E4A43-13B2-305F-A79D-34344DCD4F46}
		{7900F715-DA79-3243-ADAC-CEF99B150DE0} = {7900F715-DA79-3243-ADAC-CEF99B150DE0}
		{50926796-B67E-38D5-9FD8-F56BDAEF90B4} = {50926796-B67E-38D5-9FD8-F56BDAEF90B4}
		{54D15914-93A9-3671-B1B1-7A26C19FFB9E} = {54D15914-93A9-3671-B1B1-7A26C19FFB9E}
		{B469479B-B4B1-3F6E-8DC7-B5777DC89BC0} = {B469479B-B4B1-3F6E-8DC7-B5777DC89BC0}
	EndProjectSection
EndProject
Project("{8BC9CEB8-8B4A-11D0-8D11-00A0C91BC942}") = "graphene_egenesis_full", "libraries\egenesis\graphene_egenesis_full.vcxproj", "{F2708B8B-E375-397C-82B0-FCAEEAD3AEB9}"
	ProjectSection(ProjectDependencies) = postProject
		{AC89D13F-C19B-361E-A6B5-DC7DA0EBD9D2} = {AC89D13F-C19B-361E-A6B5-DC7DA0EBD9D2}
		{842E4A43-13B2-305F-A79D-34344DCD4F46} = {842E4A43-13B2-305F-A79D-34344DCD4F46}
		{7900F715-DA79-3243-ADAC-CEF99B150DE0} = {7900F715-DA79-3243-ADAC-CEF99B150DE0}
		{50926796-B67E-38D5-9FD8-F56BDAEF90B4} = {50926796-B67E-38D5-9FD8-F56BDAEF90B4}
		{54D15914-93A9-3671-B1B1-7A26C19FFB9E} = {54D15914-93A9-3671-B1B1-7A26C19FFB9E}
		{B469479B-B4B1-3F6E-8DC7-B5777DC89BC0} = {B469479B-B4B1-3F6E-8DC7-B5777DC89BC0}
	EndProjectSection
EndProject
Project("{8BC9CEB8-8B4A-11D0-8D11-00A0C91BC942}") = "graphene_egenesis_none", "libraries\egenesis\graphene_egenesis_none.vcxproj", "{EFEEAA24-C542-32B6-B1C7-117CF38C9CBD}"
	ProjectSection(ProjectDependencies) = postProject
		{AC89D13F-C19B-361E-A6B5-DC7DA0EBD9D2} = {AC89D13F-C19B-361E-A6B5-DC7DA0EBD9D2}
		{7900F715-DA79-3243-ADAC-CEF99B150DE0} = {7900F715-DA79-3243-ADAC-CEF99B150DE0}
		{50926796-B67E-38D5-9FD8-F56BDAEF90B4} = {50926796-B67E-38D5-9FD8-F56BDAEF90B4}
		{54D15914-93A9-3671-B1B1-7A26C19FFB9E} = {54D15914-93A9-3671-B1B1-7A26C19FFB9E}
		{B469479B-B4B1-3F6E-8DC7-B5777DC89BC0} = {B469479B-B4B1-3F6E-8DC7-B5777DC89BC0}
	EndProjectSection
EndProject
Project("{8BC9CEB8-8B4A-11D0-8D11-00A0C91BC942}") = "graphene_market_history", "libraries\plugins\market_history\graphene_market_history.vcxproj", "{413A16C5-F8CA-36D0-890A-F03BD0F48B16}"
	ProjectSection(ProjectDependencies) = postProject
		{7E6B8352-562E-351B-8035-E933AA73E8AC} = {7E6B8352-562E-351B-8035-E933AA73E8AC}
	EndProjectSection
EndProject
Project("{8BC9CEB8-8B4A-11D0-8D11-00A0C91BC942}") = "graphene_net", "libraries\net\graphene_net.vcxproj", "{5C3ECA5E-7990-33C8-B398-46730C3B0A0C}"
	ProjectSection(ProjectDependencies) = postProject
		{AC89D13F-C19B-361E-A6B5-DC7DA0EBD9D2} = {AC89D13F-C19B-361E-A6B5-DC7DA0EBD9D2}
		{7900F715-DA79-3243-ADAC-CEF99B150DE0} = {7900F715-DA79-3243-ADAC-CEF99B150DE0}
		{54D15914-93A9-3671-B1B1-7A26C19FFB9E} = {54D15914-93A9-3671-B1B1-7A26C19FFB9E}
		{B469479B-B4B1-3F6E-8DC7-B5777DC89BC0} = {B469479B-B4B1-3F6E-8DC7-B5777DC89BC0}
	EndProjectSection
EndProject
Project("{8BC9CEB8-8B4A-11D0-8D11-00A0C91BC942}") = "graphene_utilities", "libraries\utilities\graphene_utilities.vcxproj", "{8BB0B2F0-589F-3724-A219-AC7600A037A0}"
	ProjectSection(ProjectDependencies) = postProject
		{AC89D13F-C19B-361E-A6B5-DC7DA0EBD9D2} = {AC89D13F-C19B-361E-A6B5-DC7DA0EBD9D2}
		{7900F715-DA79-3243-ADAC-CEF99B150DE0} = {7900F715-DA79-3243-ADAC-CEF99B150DE0}
		{B469479B-B4B1-3F6E-8DC7-B5777DC89BC0} = {B469479B-B4B1-3F6E-8DC7-B5777DC89BC0}
	EndProjectSection
EndProject
Project("{8BC9CEB8-8B4A-11D0-8D11-00A0C91BC942}") = "graphene_wallet", "libraries\wallet\graphene_wallet.vcxproj", "{8DFA2DFE-653C-3893-8991-AC88AAFAA33C}"
	ProjectSection(ProjectDependencies) = postProject
		{AC89D13F-C19B-361E-A6B5-DC7DA0EBD9D2} = {AC89D13F-C19B-361E-A6B5-DC7DA0EBD9D2}
		{7900F715-DA79-3243-ADAC-CEF99B150DE0} = {7900F715-DA79-3243-ADAC-CEF99B150DE0}
		{05E985D7-7A1B-35E6-AEBD-49AA0EFF67EE} = {05E985D7-7A1B-35E6-AEBD-49AA0EFF67EE}
		{50926796-B67E-38D5-9FD8-F56BDAEF90B4} = {50926796-B67E-38D5-9FD8-F56BDAEF90B4}
		{54D15914-93A9-3671-B1B1-7A26C19FFB9E} = {54D15914-93A9-3671-B1B1-7A26C19FFB9E}
		{5C3ECA5E-7990-33C8-B398-46730C3B0A0C} = {5C3ECA5E-7990-33C8-B398-46730C3B0A0C}
		{8BB0B2F0-589F-3724-A219-AC7600A037A0} = {8BB0B2F0-589F-3724-A219-AC7600A037A0}
		{B469479B-B4B1-3F6E-8DC7-B5777DC89BC0} = {B469479B-B4B1-3F6E-8DC7-B5777DC89BC0}
	EndProjectSection
EndProject
Project("{8BC9CEB8-8B4A-11D0-8D11-00A0C91BC942}") = "graphene_witness", "libraries\plugins\witness\graphene_witness.vcxproj", "{F8235B3F-FE60-311A-9DCF-85769DC1F409}"
	ProjectSection(ProjectDependencies) = postProject
		{AC89D13F-C19B-361E-A6B5-DC7DA0EBD9D2} = {AC89D13F-C19B-361E-A6B5-DC7DA0EBD9D2}
		{7900F715-DA79-3243-ADAC-CEF99B150DE0} = {7900F715-DA79-3243-ADAC-CEF99B150DE0}
		{05E985D7-7A1B-35E6-AEBD-49AA0EFF67EE} = {05E985D7-7A1B-35E6-AEBD-49AA0EFF67EE}
		{50926796-B67E-38D5-9FD8-F56BDAEF90B4} = {50926796-B67E-38D5-9FD8-F56BDAEF90B4}
		{54D15914-93A9-3671-B1B1-7A26C19FFB9E} = {54D15914-93A9-3671-B1B1-7A26C19FFB9E}
		{5C3ECA5E-7990-33C8-B398-46730C3B0A0C} = {5C3ECA5E-7990-33C8-B398-46730C3B0A0C}
		{8BB0B2F0-589F-3724-A219-AC7600A037A0} = {8BB0B2F0-589F-3724-A219-AC7600A037A0}
		{B469479B-B4B1-3F6E-8DC7-B5777DC89BC0} = {B469479B-B4B1-3F6E-8DC7-B5777DC89BC0}
	EndProjectSection
EndProject
Project("{8BC9CEB8-8B4A-11D0-8D11-00A0C91BC942}") = "hmac_test", "libraries\fc\tests\hmac_test.vcxproj", "{2483BC63-F21B-3A25-B6A1-27A435D67486}"
	ProjectSection(ProjectDependencies) = postProject
		{AC89D13F-C19B-361E-A6B5-DC7DA0EBD9D2} = {AC89D13F-C19B-361E-A6B5-DC7DA0EBD9D2}
		{7900F715-DA79-3243-ADAC-CEF99B150DE0} = {7900F715-DA79-3243-ADAC-CEF99B150DE0}
		{B469479B-B4B1-3F6E-8DC7-B5777DC89BC0} = {B469479B-B4B1-3F6E-8DC7-B5777DC89BC0}
	EndProjectSection
EndProject
Project("{8BC9CEB8-8B4A-11D0-8D11-00A0C91BC942}") = "intense_test", "tests\intense_test.vcxproj", "{5977B4A2-F3F3-3BE5-ACB1-A298249C1890}"
	ProjectSection(ProjectDependencies) = postProject
		{AC89D13F-C19B-361E-A6B5-DC7DA0EBD9D2} = {AC89D13F-C19B-361E-A6B5-DC7DA0EBD9D2}
		{7900F715-DA79-3243-ADAC-CEF99B150DE0} = {7900F715-DA79-3243-ADAC-CEF99B150DE0}
		{05E985D7-7A1B-35E6-AEBD-49AA0EFF67EE} = {05E985D7-7A1B-35E6-AEBD-49AA0EFF67EE}
		{50926796-B67E-38D5-9FD8-F56BDAEF90B4} = {50926796-B67E-38D5-9FD8-F56BDAEF90B4}
		{54D15914-93A9-3671-B1B1-7A26C19FFB9E} = {54D15914-93A9-3671-B1B1-7A26C19FFB9E}
		{EFEEAA24-C542-32B6-B1C7-117CF38C9CBD} = {EFEEAA24-C542-32B6-B1C7-117CF38C9CBD}
		{5C3ECA5E-7990-33C8-B398-46730C3B0A0C} = {5C3ECA5E-7990-33C8-B398-46730C3B0A0C}
		{8BB0B2F0-589F-3724-A219-AC7600A037A0} = {8BB0B2F0-589F-3724-A219-AC7600A037A0}
		{B469479B-B4B1-3F6E-8DC7-B5777DC89BC0} = {B469479B-B4B1-3F6E-8DC7-B5777DC89BC0}
	EndProjectSection
EndProject
Project("{8BC9CEB8-8B4A-11D0-8D11-00A0C91BC942}") = "js_operation_serializer", "programs\js_operation_serializer\js_operation_serializer.vcxproj", "{DB594F55-E2A4-3C43-A47E-BF590233212C}"
	ProjectSection(ProjectDependencies) = postProject
		{AC89D13F-C19B-361E-A6B5-DC7DA0EBD9D2} = {AC89D13F-C19B-361E-A6B5-DC7DA0EBD9D2}
		{7900F715-DA79-3243-ADAC-CEF99B150DE0} = {7900F715-DA79-3243-ADAC-CEF99B150DE0}
		{05E985D7-7A1B-35E6-AEBD-49AA0EFF67EE} = {05E985D7-7A1B-35E6-AEBD-49AA0EFF67EE}
		{50926796-B67E-38D5-9FD8-F56BDAEF90B4} = {50926796-B67E-38D5-9FD8-F56BDAEF90B4}
		{54D15914-93A9-3671-B1B1-7A26C19FFB9E} = {54D15914-93A9-3671-B1B1-7A26C19FFB9E}
		{EFEEAA24-C542-32B6-B1C7-117CF38C9CBD} = {EFEEAA24-C542-32B6-B1C7-117CF38C9CBD}
		{5C3ECA5E-7990-33C8-B398-46730C3B0A0C} = {5C3ECA5E-7990-33C8-B398-46730C3B0A0C}
		{8BB0B2F0-589F-3724-A219-AC7600A037A0} = {8BB0B2F0-589F-3724-A219-AC7600A037A0}
		{8DFA2DFE-653C-3893-8991-AC88AAFAA33C} = {8DFA2DFE-653C-3893-8991-AC88AAFAA33C}
		{B469479B-B4B1-3F6E-8DC7-B5777DC89BC0} = {B469479B-B4B1-3F6E-8DC7-B5777DC89BC0}
	EndProjectSection
EndProject
Project("{8BC9CEB8-8B4A-11D0-8D11-00A0C91BC942}") = "log_test", "libraries\fc\tests\log_test.vcxproj", "{FC402854-F040-3B7F-B3F1-072D762D6C61}"
	ProjectSection(ProjectDependencies) = postProject
		{AC89D13F-C19B-361E-A6B5-DC7DA0EBD9D2} = {AC89D13F-C19B-361E-A6B5-DC7DA0EBD9D2}
		{7900F715-DA79-3243-ADAC-CEF99B150DE0} = {7900F715-DA79-3243-ADAC-CEF99B150DE0}
		{B469479B-B4B1-3F6E-8DC7-B5777DC89BC0} = {B469479B-B4B1-3F6E-8DC7-B5777DC89BC0}
	EndProjectSection
EndProject
Project("{8BC9CEB8-8B4A-11D0-8D11-00A0C91BC942}") = "member_enumerator", "programs\build_helpers\member_enumerator.vcxproj", "{BAC57D75-5323-3EC3-9D7E-6ADBF46A3279}"
	ProjectSection(ProjectDependencies) = postProject
		{AC89D13F-C19B-361E-A6B5-DC7DA0EBD9D2} = {AC89D13F-C19B-361E-A6B5-DC7DA0EBD9D2}
		{7900F715-DA79-3243-ADAC-CEF99B150DE0} = {7900F715-DA79-3243-ADAC-CEF99B150DE0}
		{05E985D7-7A1B-35E6-AEBD-49AA0EFF67EE} = {05E985D7-7A1B-35E6-AEBD-49AA0EFF67EE}
		{50926796-B67E-38D5-9FD8-F56BDAEF90B4} = {50926796-B67E-38D5-9FD8-F56BDAEF90B4}
		{54D15914-93A9-3671-B1B1-7A26C19FFB9E} = {54D15914-93A9-3671-B1B1-7A26C19FFB9E}
		{C4A4FFB7-AB91-37C8-A89F-0BECB515E502} = {C4A4FFB7-AB91-37C8-A89F-0BECB515E502}
		{5C3ECA5E-7990-33C8-B398-46730C3B0A0C} = {5C3ECA5E-7990-33C8-B398-46730C3B0A0C}
		{8BB0B2F0-589F-3724-A219-AC7600A037A0} = {8BB0B2F0-589F-3724-A219-AC7600A037A0}
		{8DFA2DFE-653C-3893-8991-AC88AAFAA33C} = {8DFA2DFE-653C-3893-8991-AC88AAFAA33C}
		{B469479B-B4B1-3F6E-8DC7-B5777DC89BC0} = {B469479B-B4B1-3F6E-8DC7-B5777DC89BC0}
	EndProjectSection
EndProject
Project("{8BC9CEB8-8B4A-11D0-8D11-00A0C91BC942}") = "performance_test", "tests\performance_test.vcxproj", "{F83FAE8D-A904-3AC8-BB45-83BE6A667948}"
	ProjectSection(ProjectDependencies) = postProject
		{AC89D13F-C19B-361E-A6B5-DC7DA0EBD9D2} = {AC89D13F-C19B-361E-A6B5-DC7DA0EBD9D2}
		{7900F715-DA79-3243-ADAC-CEF99B150DE0} = {7900F715-DA79-3243-ADAC-CEF99B150DE0}
		{05E985D7-7A1B-35E6-AEBD-49AA0EFF67EE} = {05E985D7-7A1B-35E6-AEBD-49AA0EFF67EE}
		{50926796-B67E-38D5-9FD8-F56BDAEF90B4} = {50926796-B67E-38D5-9FD8-F56BDAEF90B4}
		{54D15914-93A9-3671-B1B1-7A26C19FFB9E} = {54D15914-93A9-3671-B1B1-7A26C19FFB9E}
		{EFEEAA24-C542-32B6-B1C7-117CF38C9CBD} = {EFEEAA24-C542-32B6-B1C7-117CF38C9CBD}
		{5C3ECA5E-7990-33C8-B398-46730C3B0A0C} = {5C3ECA5E-7990-33C8-B398-46730C3B0A0C}
		{8BB0B2F0-589F-3724-A219-AC7600A037A0} = {8BB0B2F0-589F-3724-A219-AC7600A037A0}
		{B469479B-B4B1-3F6E-8DC7-B5777DC89BC0} = {B469479B-B4B1-3F6E-8DC7-B5777DC89BC0}
	EndProjectSection
EndProject
Project("{8BC9CEB8-8B4A-11D0-8D11-00A0C91BC942}") = "real128_test", "libraries\fc\tests\real128_test.vcxproj", "{4F1BA5C9-01A5-39C4-B478-7345720D1145}"
	ProjectSection(ProjectDependencies) = postProject
		{AC89D13F-C19B-361E-A6B5-DC7DA0EBD9D2} = {AC89D13F-C19B-361E-A6B5-DC7DA0EBD9D2}
		{7900F715-DA79-3243-ADAC-CEF99B150DE0} = {7900F715-DA79-3243-ADAC-CEF99B150DE0}
		{B469479B-B4B1-3F6E-8DC7-B5777DC89BC0} = {B469479B-B4B1-3F6E-8DC7-B5777DC89BC0}
	EndProjectSection
EndProject
Project("{8BC9CEB8-8B4A-11D0-8D11-00A0C91BC942}") = "secp256k1", "libraries\fc\secp256k1.vcxproj", "{B469479B-B4B1-3F6E-8DC7-B5777DC89BC0}"
	ProjectSection(ProjectDependencies) = postProject
		{AC89D13F-C19B-361E-A6B5-DC7DA0EBD9D2} = {AC89D13F-C19B-361E-A6B5-DC7DA0EBD9D2}
	EndProjectSection
EndProject
Project("{8BC9CEB8-8B4A-11D0-8D11-00A0C91BC942}") = "size_checker", "programs\size_checker\size_checker.vcxproj", "{4D0D116B-8016-382D-8C8F-E9F0A03526AA}"
	ProjectSection(ProjectDependencies) = postProject
		{AC89D13F-C19B-361E-A6B5-DC7DA0EBD9D2} = {AC89D13F-C19B-361E-A6B5-DC7DA0EBD9D2}
		{7900F715-DA79-3243-ADAC-CEF99B150DE0} = {7900F715-DA79-3243-ADAC-CEF99B150DE0}
		{50926796-B67E-38D5-9FD8-F56BDAEF90B4} = {50926796-B67E-38D5-9FD8-F56BDAEF90B4}
		{54D15914-93A9-3671-B1B1-7A26C19FFB9E} = {54D15914-93A9-3671-B1B1-7A26C19FFB9E}
		{EFEEAA24-C542-32B6-B1C7-117CF38C9CBD} = {EFEEAA24-C542-32B6-B1C7-117CF38C9CBD}
		{B469479B-B4B1-3F6E-8DC7-B5777DC89BC0} = {B469479B-B4B1-3F6E-8DC7-B5777DC89BC0}
	EndProjectSection
EndProject
Project("{8BC9CEB8-8B4A-11D0-8D11-00A0C91BC942}") = "task_cancel_test", "libraries\fc\tests\task_cancel_test.vcxproj", "{153A4511-D2A1-39C7-A5A4-B5FA8C8255F5}"
	ProjectSection(ProjectDependencies) = postProject
		{AC89D13F-C19B-361E-A6B5-DC7DA0EBD9D2} = {AC89D13F-C19B-361E-A6B5-DC7DA0EBD9D2}
		{7900F715-DA79-3243-ADAC-CEF99B150DE0} = {7900F715-DA79-3243-ADAC-CEF99B150DE0}
		{B469479B-B4B1-3F6E-8DC7-B5777DC89BC0} = {B469479B-B4B1-3F6E-8DC7-B5777DC89BC0}
	EndProjectSection
EndProject
Project("{8BC9CEB8-8B4A-11D0-8D11-00A0C91BC942}") = "witness_node", "programs\witness_node\witness_node.vcxproj", "{F987E810-D736-3EE3-8E6B-8B3AEEC9FF0D}"
	ProjectSection(ProjectDependencies) = postProject
		{AC89D13F-C19B-361E-A6B5-DC7DA0EBD9D2} = {AC89D13F-C19B-361E-A6B5-DC7DA0EBD9D2}
		{7900F715-DA79-3243-ADAC-CEF99B150DE0} = {7900F715-DA79-3243-ADAC-CEF99B150DE0}
		{05E985D7-7A1B-35E6-AEBD-49AA0EFF67EE} = {05E985D7-7A1B-35E6-AEBD-49AA0EFF67EE}
		{50926796-B67E-38D5-9FD8-F56BDAEF90B4} = {50926796-B67E-38D5-9FD8-F56BDAEF90B4}
		{54D15914-93A9-3671-B1B1-7A26C19FFB9E} = {54D15914-93A9-3671-B1B1-7A26C19FFB9E}
		{F2708B8B-E375-397C-82B0-FCAEEAD3AEB9} = {F2708B8B-E375-397C-82B0-FCAEEAD3AEB9}
		{5C3ECA5E-7990-33C8-B398-46730C3B0A0C} = {5C3ECA5E-7990-33C8-B398-46730C3B0A0C}
		{8BB0B2F0-589F-3724-A219-AC7600A037A0} = {8BB0B2F0-589F-3724-A219-AC7600A037A0}
		{F8235B3F-FE60-311A-9DCF-85769DC1F409} = {F8235B3F-FE60-311A-9DCF-85769DC1F409}
		{B469479B-B4B1-3F6E-8DC7-B5777DC89BC0} = {B469479B-B4B1-3F6E-8DC7-B5777DC89BC0}
	EndProjectSection
EndProject
Global
	GlobalSection(SolutionConfigurationPlatforms) = preSolution
		Release|Win32 = Release|Win32
		RelWithDebInfo|Win32 = RelWithDebInfo|Win32
		Debug|Win32 = Debug|Win32
	EndGlobalSection
	GlobalSection(ProjectConfigurationPlatforms) = postSolution
		{B57CF955-5682-3E80-BDB4-F3D60812901E}.Release|Win32.ActiveCfg = Release|Win32
		{B57CF955-5682-3E80-BDB4-F3D60812901E}.Release|Win32.Build.0 = Release|Win32
		{B57CF955-5682-3E80-BDB4-F3D60812901E}.RelWithDebInfo|Win32.ActiveCfg = RelWithDebInfo|Win32
		{B57CF955-5682-3E80-BDB4-F3D60812901E}.RelWithDebInfo|Win32.Build.0 = RelWithDebInfo|Win32
		{B57CF955-5682-3E80-BDB4-F3D60812901E}.Debug|Win32.ActiveCfg = Debug|Win32
		{B57CF955-5682-3E80-BDB4-F3D60812901E}.Debug|Win32.Build.0 = Debug|Win32
		{122DB396-A10C-364F-A783-565F1129FFEC}.Release|Win32.ActiveCfg = Release|Win32
		{122DB396-A10C-364F-A783-565F1129FFEC}.RelWithDebInfo|Win32.ActiveCfg = RelWithDebInfo|Win32
		{122DB396-A10C-364F-A783-565F1129FFEC}.Debug|Win32.ActiveCfg = Debug|Win32
		{AC89D13F-C19B-361E-A6B5-DC7DA0EBD9D2}.Release|Win32.ActiveCfg = Release|Win32
		{AC89D13F-C19B-361E-A6B5-DC7DA0EBD9D2}.Release|Win32.Build.0 = Release|Win32
		{AC89D13F-C19B-361E-A6B5-DC7DA0EBD9D2}.RelWithDebInfo|Win32.ActiveCfg = RelWithDebInfo|Win32
		{AC89D13F-C19B-361E-A6B5-DC7DA0EBD9D2}.RelWithDebInfo|Win32.Build.0 = RelWithDebInfo|Win32
		{AC89D13F-C19B-361E-A6B5-DC7DA0EBD9D2}.Debug|Win32.ActiveCfg = Debug|Win32
		{AC89D13F-C19B-361E-A6B5-DC7DA0EBD9D2}.Debug|Win32.Build.0 = Debug|Win32
		{7A31DF09-3B4B-3D55-9D8F-16DE6D610DE5}.Release|Win32.ActiveCfg = Release|Win32
		{7A31DF09-3B4B-3D55-9D8F-16DE6D610DE5}.Release|Win32.Build.0 = Release|Win32
		{7A31DF09-3B4B-3D55-9D8F-16DE6D610DE5}.RelWithDebInfo|Win32.ActiveCfg = RelWithDebInfo|Win32
		{7A31DF09-3B4B-3D55-9D8F-16DE6D610DE5}.RelWithDebInfo|Win32.Build.0 = RelWithDebInfo|Win32
		{7A31DF09-3B4B-3D55-9D8F-16DE6D610DE5}.Debug|Win32.ActiveCfg = Debug|Win32
		{7A31DF09-3B4B-3D55-9D8F-16DE6D610DE5}.Debug|Win32.Build.0 = Debug|Win32
		{B7E847C7-87FF-3EAF-ADCF-249D5DB53291}.Release|Win32.ActiveCfg = Release|Win32
		{B7E847C7-87FF-3EAF-ADCF-249D5DB53291}.Release|Win32.Build.0 = Release|Win32
		{B7E847C7-87FF-3EAF-ADCF-249D5DB53291}.RelWithDebInfo|Win32.ActiveCfg = RelWithDebInfo|Win32
		{B7E847C7-87FF-3EAF-ADCF-249D5DB53291}.RelWithDebInfo|Win32.Build.0 = RelWithDebInfo|Win32
		{B7E847C7-87FF-3EAF-ADCF-249D5DB53291}.Debug|Win32.ActiveCfg = Debug|Win32
		{B7E847C7-87FF-3EAF-ADCF-249D5DB53291}.Debug|Win32.Build.0 = Debug|Win32
		{EE6A55F0-DCC4-3FEF-888F-A94489A78E02}.Release|Win32.ActiveCfg = Release|Win32
		{EE6A55F0-DCC4-3FEF-888F-A94489A78E02}.Release|Win32.Build.0 = Release|Win32
		{EE6A55F0-DCC4-3FEF-888F-A94489A78E02}.RelWithDebInfo|Win32.ActiveCfg = RelWithDebInfo|Win32
		{EE6A55F0-DCC4-3FEF-888F-A94489A78E02}.RelWithDebInfo|Win32.Build.0 = RelWithDebInfo|Win32
		{EE6A55F0-DCC4-3FEF-888F-A94489A78E02}.Debug|Win32.ActiveCfg = Debug|Win32
		{EE6A55F0-DCC4-3FEF-888F-A94489A78E02}.Debug|Win32.Build.0 = Debug|Win32
		{8A39D2F6-C18A-38E4-AB90-2771D03A2474}.Release|Win32.ActiveCfg = Release|Win32
		{8A39D2F6-C18A-38E4-AB90-2771D03A2474}.Release|Win32.Build.0 = Release|Win32
		{8A39D2F6-C18A-38E4-AB90-2771D03A2474}.RelWithDebInfo|Win32.ActiveCfg = RelWithDebInfo|Win32
		{8A39D2F6-C18A-38E4-AB90-2771D03A2474}.RelWithDebInfo|Win32.Build.0 = RelWithDebInfo|Win32
		{8A39D2F6-C18A-38E4-AB90-2771D03A2474}.Debug|Win32.ActiveCfg = Debug|Win32
		{8A39D2F6-C18A-38E4-AB90-2771D03A2474}.Debug|Win32.Build.0 = Debug|Win32
		{B91723EF-4C60-394A-ACB9-C21904DEBC13}.Release|Win32.ActiveCfg = Release|Win32
		{B91723EF-4C60-394A-ACB9-C21904DEBC13}.Release|Win32.Build.0 = Release|Win32
		{B91723EF-4C60-394A-ACB9-C21904DEBC13}.RelWithDebInfo|Win32.ActiveCfg = RelWithDebInfo|Win32
		{B91723EF-4C60-394A-ACB9-C21904DEBC13}.RelWithDebInfo|Win32.Build.0 = RelWithDebInfo|Win32
		{B91723EF-4C60-394A-ACB9-C21904DEBC13}.Debug|Win32.ActiveCfg = Debug|Win32
		{B91723EF-4C60-394A-ACB9-C21904DEBC13}.Debug|Win32.Build.0 = Debug|Win32
		{4B8BD51B-B387-3BB7-BB8A-269F09C95EE8}.Release|Win32.ActiveCfg = Release|Win32
		{4B8BD51B-B387-3BB7-BB8A-269F09C95EE8}.Release|Win32.Build.0 = Release|Win32
		{4B8BD51B-B387-3BB7-BB8A-269F09C95EE8}.RelWithDebInfo|Win32.ActiveCfg = RelWithDebInfo|Win32
		{4B8BD51B-B387-3BB7-BB8A-269F09C95EE8}.RelWithDebInfo|Win32.Build.0 = RelWithDebInfo|Win32
		{4B8BD51B-B387-3BB7-BB8A-269F09C95EE8}.Debug|Win32.ActiveCfg = Debug|Win32
		{4B8BD51B-B387-3BB7-BB8A-269F09C95EE8}.Debug|Win32.Build.0 = Debug|Win32
		{69221627-BFAF-3B53-B016-9CB730519E62}.Release|Win32.ActiveCfg = Release|Win32
		{69221627-BFAF-3B53-B016-9CB730519E62}.Release|Win32.Build.0 = Release|Win32
		{69221627-BFAF-3B53-B016-9CB730519E62}.RelWithDebInfo|Win32.ActiveCfg = RelWithDebInfo|Win32
		{69221627-BFAF-3B53-B016-9CB730519E62}.RelWithDebInfo|Win32.Build.0 = RelWithDebInfo|Win32
		{69221627-BFAF-3B53-B016-9CB730519E62}.Debug|Win32.ActiveCfg = Debug|Win32
		{69221627-BFAF-3B53-B016-9CB730519E62}.Debug|Win32.Build.0 = Debug|Win32
		{928A9A45-19F9-33BC-A7D4-1DC8E0A4ADDC}.Release|Win32.ActiveCfg = Release|Win32
		{928A9A45-19F9-33BC-A7D4-1DC8E0A4ADDC}.Release|Win32.Build.0 = Release|Win32
		{928A9A45-19F9-33BC-A7D4-1DC8E0A4ADDC}.RelWithDebInfo|Win32.ActiveCfg = RelWithDebInfo|Win32
		{928A9A45-19F9-33BC-A7D4-1DC8E0A4ADDC}.RelWithDebInfo|Win32.Build.0 = RelWithDebInfo|Win32
		{928A9A45-19F9-33BC-A7D4-1DC8E0A4ADDC}.Debug|Win32.ActiveCfg = Debug|Win32
		{928A9A45-19F9-33BC-A7D4-1DC8E0A4ADDC}.Debug|Win32.Build.0 = Debug|Win32
		{A599B077-6968-388A-B65B-16F8C2DA2CD2}.Release|Win32.ActiveCfg = Release|Win32
		{A599B077-6968-388A-B65B-16F8C2DA2CD2}.Release|Win32.Build.0 = Release|Win32
		{A599B077-6968-388A-B65B-16F8C2DA2CD2}.RelWithDebInfo|Win32.ActiveCfg = RelWithDebInfo|Win32
		{A599B077-6968-388A-B65B-16F8C2DA2CD2}.RelWithDebInfo|Win32.Build.0 = RelWithDebInfo|Win32
		{A599B077-6968-388A-B65B-16F8C2DA2CD2}.Debug|Win32.ActiveCfg = Debug|Win32
		{A599B077-6968-388A-B65B-16F8C2DA2CD2}.Debug|Win32.Build.0 = Debug|Win32
		{E5DDDC65-87BF-365A-BF86-B8A76C7627F3}.Release|Win32.ActiveCfg = Release|Win32
		{E5DDDC65-87BF-365A-BF86-B8A76C7627F3}.Release|Win32.Build.0 = Release|Win32
		{E5DDDC65-87BF-365A-BF86-B8A76C7627F3}.RelWithDebInfo|Win32.ActiveCfg = RelWithDebInfo|Win32
		{E5DDDC65-87BF-365A-BF86-B8A76C7627F3}.RelWithDebInfo|Win32.Build.0 = RelWithDebInfo|Win32
		{E5DDDC65-87BF-365A-BF86-B8A76C7627F3}.Debug|Win32.ActiveCfg = Debug|Win32
		{E5DDDC65-87BF-365A-BF86-B8A76C7627F3}.Debug|Win32.Build.0 = Debug|Win32
		{37C88A6A-A122-3DF4-A816-0D348058D07C}.Release|Win32.ActiveCfg = Release|Win32
		{37C88A6A-A122-3DF4-A816-0D348058D07C}.Release|Win32.Build.0 = Release|Win32
		{37C88A6A-A122-3DF4-A816-0D348058D07C}.RelWithDebInfo|Win32.ActiveCfg = RelWithDebInfo|Win32
		{37C88A6A-A122-3DF4-A816-0D348058D07C}.RelWithDebInfo|Win32.Build.0 = RelWithDebInfo|Win32
		{37C88A6A-A122-3DF4-A816-0D348058D07C}.Debug|Win32.ActiveCfg = Debug|Win32
		{37C88A6A-A122-3DF4-A816-0D348058D07C}.Debug|Win32.Build.0 = Debug|Win32
		{CE59298A-BCA2-3369-9023-E3C676AA83BF}.Release|Win32.ActiveCfg = Release|Win32
		{CE59298A-BCA2-3369-9023-E3C676AA83BF}.Release|Win32.Build.0 = Release|Win32
		{CE59298A-BCA2-3369-9023-E3C676AA83BF}.RelWithDebInfo|Win32.ActiveCfg = RelWithDebInfo|Win32
		{CE59298A-BCA2-3369-9023-E3C676AA83BF}.RelWithDebInfo|Win32.Build.0 = RelWithDebInfo|Win32
		{CE59298A-BCA2-3369-9023-E3C676AA83BF}.Debug|Win32.ActiveCfg = Debug|Win32
		{CE59298A-BCA2-3369-9023-E3C676AA83BF}.Debug|Win32.Build.0 = Debug|Win32
		{D0BE5A8F-0B01-3E8C-9669-572EF7BD20C0}.Release|Win32.ActiveCfg = Release|Win32
		{D0BE5A8F-0B01-3E8C-9669-572EF7BD20C0}.Release|Win32.Build.0 = Release|Win32
		{D0BE5A8F-0B01-3E8C-9669-572EF7BD20C0}.RelWithDebInfo|Win32.ActiveCfg = RelWithDebInfo|Win32
		{D0BE5A8F-0B01-3E8C-9669-572EF7BD20C0}.RelWithDebInfo|Win32.Build.0 = RelWithDebInfo|Win32
		{D0BE5A8F-0B01-3E8C-9669-572EF7BD20C0}.Debug|Win32.ActiveCfg = Debug|Win32
		{D0BE5A8F-0B01-3E8C-9669-572EF7BD20C0}.Debug|Win32.Build.0 = Debug|Win32
		{4789EA8C-FF30-3837-BFEA-9AD19BEC9183}.Release|Win32.ActiveCfg = Release|Win32
		{4789EA8C-FF30-3837-BFEA-9AD19BEC9183}.Release|Win32.Build.0 = Release|Win32
		{4789EA8C-FF30-3837-BFEA-9AD19BEC9183}.RelWithDebInfo|Win32.ActiveCfg = RelWithDebInfo|Win32
		{4789EA8C-FF30-3837-BFEA-9AD19BEC9183}.RelWithDebInfo|Win32.Build.0 = RelWithDebInfo|Win32
		{4789EA8C-FF30-3837-BFEA-9AD19BEC9183}.Debug|Win32.ActiveCfg = Debug|Win32
		{4789EA8C-FF30-3837-BFEA-9AD19BEC9183}.Debug|Win32.Build.0 = Debug|Win32
		{A24DD8DB-FED0-361E-A0B0-4ACD7A8BBEA7}.Release|Win32.ActiveCfg = Release|Win32
		{A24DD8DB-FED0-361E-A0B0-4ACD7A8BBEA7}.Release|Win32.Build.0 = Release|Win32
		{A24DD8DB-FED0-361E-A0B0-4ACD7A8BBEA7}.RelWithDebInfo|Win32.ActiveCfg = RelWithDebInfo|Win32
		{A24DD8DB-FED0-361E-A0B0-4ACD7A8BBEA7}.RelWithDebInfo|Win32.Build.0 = RelWithDebInfo|Win32
		{A24DD8DB-FED0-361E-A0B0-4ACD7A8BBEA7}.Debug|Win32.ActiveCfg = Debug|Win32
		{A24DD8DB-FED0-361E-A0B0-4ACD7A8BBEA7}.Debug|Win32.Build.0 = Debug|Win32
		{C6A60947-0869-3096-93F5-B1C246E80809}.Release|Win32.ActiveCfg = Release|Win32
		{C6A60947-0869-3096-93F5-B1C246E80809}.Release|Win32.Build.0 = Release|Win32
		{C6A60947-0869-3096-93F5-B1C246E80809}.RelWithDebInfo|Win32.ActiveCfg = RelWithDebInfo|Win32
		{C6A60947-0869-3096-93F5-B1C246E80809}.RelWithDebInfo|Win32.Build.0 = RelWithDebInfo|Win32
		{C6A60947-0869-3096-93F5-B1C246E80809}.Debug|Win32.ActiveCfg = Debug|Win32
		{C6A60947-0869-3096-93F5-B1C246E80809}.Debug|Win32.Build.0 = Debug|Win32
		{EE320A4C-2DB7-357B-8699-4BAAD5054CD0}.Release|Win32.ActiveCfg = Release|Win32
		{EE320A4C-2DB7-357B-8699-4BAAD5054CD0}.Release|Win32.Build.0 = Release|Win32
		{EE320A4C-2DB7-357B-8699-4BAAD5054CD0}.RelWithDebInfo|Win32.ActiveCfg = RelWithDebInfo|Win32
		{EE320A4C-2DB7-357B-8699-4BAAD5054CD0}.RelWithDebInfo|Win32.Build.0 = RelWithDebInfo|Win32
		{EE320A4C-2DB7-357B-8699-4BAAD5054CD0}.Debug|Win32.ActiveCfg = Debug|Win32
		{EE320A4C-2DB7-357B-8699-4BAAD5054CD0}.Debug|Win32.Build.0 = Debug|Win32
		{842E4A43-13B2-305F-A79D-34344DCD4F46}.Release|Win32.ActiveCfg = Release|Win32
		{842E4A43-13B2-305F-A79D-34344DCD4F46}.Release|Win32.Build.0 = Release|Win32
		{842E4A43-13B2-305F-A79D-34344DCD4F46}.RelWithDebInfo|Win32.ActiveCfg = RelWithDebInfo|Win32
		{842E4A43-13B2-305F-A79D-34344DCD4F46}.RelWithDebInfo|Win32.Build.0 = RelWithDebInfo|Win32
		{842E4A43-13B2-305F-A79D-34344DCD4F46}.Debug|Win32.ActiveCfg = Debug|Win32
		{842E4A43-13B2-305F-A79D-34344DCD4F46}.Debug|Win32.Build.0 = Debug|Win32
		{7900F715-DA79-3243-ADAC-CEF99B150DE0}.Release|Win32.ActiveCfg = Release|Win32
		{7900F715-DA79-3243-ADAC-CEF99B150DE0}.Release|Win32.Build.0 = Release|Win32
		{7900F715-DA79-3243-ADAC-CEF99B150DE0}.RelWithDebInfo|Win32.ActiveCfg = RelWithDebInfo|Win32
		{7900F715-DA79-3243-ADAC-CEF99B150DE0}.RelWithDebInfo|Win32.Build.0 = RelWithDebInfo|Win32
		{7900F715-DA79-3243-ADAC-CEF99B150DE0}.Debug|Win32.ActiveCfg = Debug|Win32
		{7900F715-DA79-3243-ADAC-CEF99B150DE0}.Debug|Win32.Build.0 = Debug|Win32
		{B1BDFBA4-1487-31C3-B87E-46F211EBCC20}.Release|Win32.ActiveCfg = Release|Win32
		{B1BDFBA4-1487-31C3-B87E-46F211EBCC20}.Release|Win32.Build.0 = Release|Win32
		{B1BDFBA4-1487-31C3-B87E-46F211EBCC20}.RelWithDebInfo|Win32.ActiveCfg = RelWithDebInfo|Win32
		{B1BDFBA4-1487-31C3-B87E-46F211EBCC20}.RelWithDebInfo|Win32.Build.0 = RelWithDebInfo|Win32
		{B1BDFBA4-1487-31C3-B87E-46F211EBCC20}.Debug|Win32.ActiveCfg = Debug|Win32
		{B1BDFBA4-1487-31C3-B87E-46F211EBCC20}.Debug|Win32.Build.0 = Debug|Win32
		{8663AD9C-3F9E-35FE-96DC-BD0BAF58F673}.Release|Win32.ActiveCfg = Release|Win32
		{8663AD9C-3F9E-35FE-96DC-BD0BAF58F673}.Release|Win32.Build.0 = Release|Win32
		{8663AD9C-3F9E-35FE-96DC-BD0BAF58F673}.RelWithDebInfo|Win32.ActiveCfg = RelWithDebInfo|Win32
		{8663AD9C-3F9E-35FE-96DC-BD0BAF58F673}.RelWithDebInfo|Win32.Build.0 = RelWithDebInfo|Win32
		{8663AD9C-3F9E-35FE-96DC-BD0BAF58F673}.Debug|Win32.ActiveCfg = Debug|Win32
		{8663AD9C-3F9E-35FE-96DC-BD0BAF58F673}.Debug|Win32.Build.0 = Debug|Win32
		{A2BEFD38-C320-3BDB-B6E0-61B5EB576B93}.Release|Win32.ActiveCfg = Release|Win32
		{A2BEFD38-C320-3BDB-B6E0-61B5EB576B93}.Release|Win32.Build.0 = Release|Win32
		{A2BEFD38-C320-3BDB-B6E0-61B5EB576B93}.RelWithDebInfo|Win32.ActiveCfg = RelWithDebInfo|Win32
		{A2BEFD38-C320-3BDB-B6E0-61B5EB576B93}.RelWithDebInfo|Win32.Build.0 = RelWithDebInfo|Win32
		{A2BEFD38-C320-3BDB-B6E0-61B5EB576B93}.Debug|Win32.ActiveCfg = Debug|Win32
		{A2BEFD38-C320-3BDB-B6E0-61B5EB576B93}.Debug|Win32.Build.0 = Debug|Win32
		{9B8D5295-8923-37B7-AD86-393D3B1B9430}.Release|Win32.ActiveCfg = Release|Win32
		{9B8D5295-8923-37B7-AD86-393D3B1B9430}.Release|Win32.Build.0 = Release|Win32
		{9B8D5295-8923-37B7-AD86-393D3B1B9430}.RelWithDebInfo|Win32.ActiveCfg = RelWithDebInfo|Win32
		{9B8D5295-8923-37B7-AD86-393D3B1B9430}.RelWithDebInfo|Win32.Build.0 = RelWithDebInfo|Win32
		{9B8D5295-8923-37B7-AD86-393D3B1B9430}.Debug|Win32.ActiveCfg = Debug|Win32
		{9B8D5295-8923-37B7-AD86-393D3B1B9430}.Debug|Win32.Build.0 = Debug|Win32
		{05E985D7-7A1B-35E6-AEBD-49AA0EFF67EE}.Release|Win32.ActiveCfg = Release|Win32
		{05E985D7-7A1B-35E6-AEBD-49AA0EFF67EE}.Release|Win32.Build.0 = Release|Win32
		{05E985D7-7A1B-35E6-AEBD-49AA0EFF67EE}.RelWithDebInfo|Win32.ActiveCfg = RelWithDebInfo|Win32
		{05E985D7-7A1B-35E6-AEBD-49AA0EFF67EE}.RelWithDebInfo|Win32.Build.0 = RelWithDebInfo|Win32
		{05E985D7-7A1B-35E6-AEBD-49AA0EFF67EE}.Debug|Win32.ActiveCfg = Debug|Win32
		{05E985D7-7A1B-35E6-AEBD-49AA0EFF67EE}.Debug|Win32.Build.0 = Debug|Win32
		{50926796-B67E-38D5-9FD8-F56BDAEF90B4}.Release|Win32.ActiveCfg = Release|Win32
		{50926796-B67E-38D5-9FD8-F56BDAEF90B4}.Release|Win32.Build.0 = Release|Win32
		{50926796-B67E-38D5-9FD8-F56BDAEF90B4}.RelWithDebInfo|Win32.ActiveCfg = RelWithDebInfo|Win32
		{50926796-B67E-38D5-9FD8-F56BDAEF90B4}.RelWithDebInfo|Win32.Build.0 = RelWithDebInfo|Win32
		{50926796-B67E-38D5-9FD8-F56BDAEF90B4}.Debug|Win32.ActiveCfg = Debug|Win32
		{50926796-B67E-38D5-9FD8-F56BDAEF90B4}.Debug|Win32.Build.0 = Debug|Win32
		{54D15914-93A9-3671-B1B1-7A26C19FFB9E}.Release|Win32.ActiveCfg = Release|Win32
		{54D15914-93A9-3671-B1B1-7A26C19FFB9E}.Release|Win32.Build.0 = Release|Win32
		{54D15914-93A9-3671-B1B1-7A26C19FFB9E}.RelWithDebInfo|Win32.ActiveCfg = RelWithDebInfo|Win32
		{54D15914-93A9-3671-B1B1-7A26C19FFB9E}.RelWithDebInfo|Win32.Build.0 = RelWithDebInfo|Win32
		{54D15914-93A9-3671-B1B1-7A26C19FFB9E}.Debug|Win32.ActiveCfg = Debug|Win32
		{54D15914-93A9-3671-B1B1-7A26C19FFB9E}.Debug|Win32.Build.0 = Debug|Win32
		{7E6B8352-562E-351B-8035-E933AA73E8AC}.Release|Win32.ActiveCfg = Release|Win32
		{7E6B8352-562E-351B-8035-E933AA73E8AC}.Release|Win32.Build.0 = Release|Win32
		{7E6B8352-562E-351B-8035-E933AA73E8AC}.RelWithDebInfo|Win32.ActiveCfg = RelWithDebInfo|Win32
		{7E6B8352-562E-351B-8035-E933AA73E8AC}.RelWithDebInfo|Win32.Build.0 = RelWithDebInfo|Win32
		{7E6B8352-562E-351B-8035-E933AA73E8AC}.Debug|Win32.ActiveCfg = Debug|Win32
		{7E6B8352-562E-351B-8035-E933AA73E8AC}.Debug|Win32.Build.0 = Debug|Win32
		{20368100-3B9E-3E3D-BA0F-77714ECACE5F}.Release|Win32.ActiveCfg = Release|Win32
		{20368100-3B9E-3E3D-BA0F-77714ECACE5F}.Release|Win32.Build.0 = Release|Win32
		{20368100-3B9E-3E3D-BA0F-77714ECACE5F}.RelWithDebInfo|Win32.ActiveCfg = RelWithDebInfo|Win32
		{20368100-3B9E-3E3D-BA0F-77714ECACE5F}.RelWithDebInfo|Win32.Build.0 = RelWithDebInfo|Win32
		{20368100-3B9E-3E3D-BA0F-77714ECACE5F}.Debug|Win32.ActiveCfg = Debug|Win32
		{20368100-3B9E-3E3D-BA0F-77714ECACE5F}.Debug|Win32.Build.0 = Debug|Win32
		{C4A4FFB7-AB91-37C8-A89F-0BECB515E502}.Release|Win32.ActiveCfg = Release|Win32
		{C4A4FFB7-AB91-37C8-A89F-0BECB515E502}.Release|Win32.Build.0 = Release|Win32
		{C4A4FFB7-AB91-37C8-A89F-0BECB515E502}.RelWithDebInfo|Win32.ActiveCfg = RelWithDebInfo|Win32
		{C4A4FFB7-AB91-37C8-A89F-0BECB515E502}.RelWithDebInfo|Win32.Build.0 = RelWithDebInfo|Win32
		{C4A4FFB7-AB91-37C8-A89F-0BECB515E502}.Debug|Win32.ActiveCfg = Debug|Win32
		{C4A4FFB7-AB91-37C8-A89F-0BECB515E502}.Debug|Win32.Build.0 = Debug|Win32
		{F2708B8B-E375-397C-82B0-FCAEEAD3AEB9}.Release|Win32.ActiveCfg = Release|Win32
		{F2708B8B-E375-397C-82B0-FCAEEAD3AEB9}.Release|Win32.Build.0 = Release|Win32
		{F2708B8B-E375-397C-82B0-FCAEEAD3AEB9}.RelWithDebInfo|Win32.ActiveCfg = RelWithDebInfo|Win32
		{F2708B8B-E375-397C-82B0-FCAEEAD3AEB9}.RelWithDebInfo|Win32.Build.0 = RelWithDebInfo|Win32
		{F2708B8B-E375-397C-82B0-FCAEEAD3AEB9}.Debug|Win32.ActiveCfg = Debug|Win32
		{F2708B8B-E375-397C-82B0-FCAEEAD3AEB9}.Debug|Win32.Build.0 = Debug|Win32
		{EFEEAA24-C542-32B6-B1C7-117CF38C9CBD}.Release|Win32.ActiveCfg = Release|Win32
		{EFEEAA24-C542-32B6-B1C7-117CF38C9CBD}.Release|Win32.Build.0 = Release|Win32
		{EFEEAA24-C542-32B6-B1C7-117CF38C9CBD}.RelWithDebInfo|Win32.ActiveCfg = RelWithDebInfo|Win32
		{EFEEAA24-C542-32B6-B1C7-117CF38C9CBD}.RelWithDebInfo|Win32.Build.0 = RelWithDebInfo|Win32
		{EFEEAA24-C542-32B6-B1C7-117CF38C9CBD}.Debug|Win32.ActiveCfg = Debug|Win32
		{EFEEAA24-C542-32B6-B1C7-117CF38C9CBD}.Debug|Win32.Build.0 = Debug|Win32
		{413A16C5-F8CA-36D0-890A-F03BD0F48B16}.Release|Win32.ActiveCfg = Release|Win32
		{413A16C5-F8CA-36D0-890A-F03BD0F48B16}.Release|Win32.Build.0 = Release|Win32
		{413A16C5-F8CA-36D0-890A-F03BD0F48B16}.RelWithDebInfo|Win32.ActiveCfg = RelWithDebInfo|Win32
		{413A16C5-F8CA-36D0-890A-F03BD0F48B16}.RelWithDebInfo|Win32.Build.0 = RelWithDebInfo|Win32
		{413A16C5-F8CA-36D0-890A-F03BD0F48B16}.Debug|Win32.ActiveCfg = Debug|Win32
		{413A16C5-F8CA-36D0-890A-F03BD0F48B16}.Debug|Win32.Build.0 = Debug|Win32
		{5C3ECA5E-7990-33C8-B398-46730C3B0A0C}.Release|Win32.ActiveCfg = Release|Win32
		{5C3ECA5E-7990-33C8-B398-46730C3B0A0C}.Release|Win32.Build.0 = Release|Win32
		{5C3ECA5E-7990-33C8-B398-46730C3B0A0C}.RelWithDebInfo|Win32.ActiveCfg = RelWithDebInfo|Win32
		{5C3ECA5E-7990-33C8-B398-46730C3B0A0C}.RelWithDebInfo|Win32.Build.0 = RelWithDebInfo|Win32
		{5C3ECA5E-7990-33C8-B398-46730C3B0A0C}.Debug|Win32.ActiveCfg = Debug|Win32
		{5C3ECA5E-7990-33C8-B398-46730C3B0A0C}.Debug|Win32.Build.0 = Debug|Win32
		{8BB0B2F0-589F-3724-A219-AC7600A037A0}.Release|Win32.ActiveCfg = Release|Win32
		{8BB0B2F0-589F-3724-A219-AC7600A037A0}.Release|Win32.Build.0 = Release|Win32
		{8BB0B2F0-589F-3724-A219-AC7600A037A0}.RelWithDebInfo|Win32.ActiveCfg = RelWithDebInfo|Win32
		{8BB0B2F0-589F-3724-A219-AC7600A037A0}.RelWithDebInfo|Win32.Build.0 = RelWithDebInfo|Win32
		{8BB0B2F0-589F-3724-A219-AC7600A037A0}.Debug|Win32.ActiveCfg = Debug|Win32
		{8BB0B2F0-589F-3724-A219-AC7600A037A0}.Debug|Win32.Build.0 = Debug|Win32
		{8DFA2DFE-653C-3893-8991-AC88AAFAA33C}.Release|Win32.ActiveCfg = Release|Win32
		{8DFA2DFE-653C-3893-8991-AC88AAFAA33C}.Release|Win32.Build.0 = Release|Win32
		{8DFA2DFE-653C-3893-8991-AC88AAFAA33C}.RelWithDebInfo|Win32.ActiveCfg = RelWithDebInfo|Win32
		{8DFA2DFE-653C-3893-8991-AC88AAFAA33C}.RelWithDebInfo|Win32.Build.0 = RelWithDebInfo|Win32
		{8DFA2DFE-653C-3893-8991-AC88AAFAA33C}.Debug|Win32.ActiveCfg = Debug|Win32
		{8DFA2DFE-653C-3893-8991-AC88AAFAA33C}.Debug|Win32.Build.0 = Debug|Win32
		{F8235B3F-FE60-311A-9DCF-85769DC1F409}.Release|Win32.ActiveCfg = Release|Win32
		{F8235B3F-FE60-311A-9DCF-85769DC1F409}.Release|Win32.Build.0 = Release|Win32
		{F8235B3F-FE60-311A-9DCF-85769DC1F409}.RelWithDebInfo|Win32.ActiveCfg = RelWithDebInfo|Win32
		{F8235B3F-FE60-311A-9DCF-85769DC1F409}.RelWithDebInfo|Win32.Build.0 = RelWithDebInfo|Win32
		{F8235B3F-FE60-311A-9DCF-85769DC1F409}.Debug|Win32.ActiveCfg = Debug|Win32
		{F8235B3F-FE60-311A-9DCF-85769DC1F409}.Debug|Win32.Build.0 = Debug|Win32
		{2483BC63-F21B-3A25-B6A1-27A435D67486}.Release|Win32.ActiveCfg = Release|Win32
		{2483BC63-F21B-3A25-B6A1-27A435D67486}.Release|Win32.Build.0 = Release|Win32
		{2483BC63-F21B-3A25-B6A1-27A435D67486}.RelWithDebInfo|Win32.ActiveCfg = RelWithDebInfo|Win32
		{2483BC63-F21B-3A25-B6A1-27A435D67486}.RelWithDebInfo|Win32.Build.0 = RelWithDebInfo|Win32
		{2483BC63-F21B-3A25-B6A1-27A435D67486}.Debug|Win32.ActiveCfg = Debug|Win32
		{2483BC63-F21B-3A25-B6A1-27A435D67486}.Debug|Win32.Build.0 = Debug|Win32
		{5977B4A2-F3F3-3BE5-ACB1-A298249C1890}.Release|Win32.ActiveCfg = Release|Win32
		{5977B4A2-F3F3-3BE5-ACB1-A298249C1890}.Release|Win32.Build.0 = Release|Win32
		{5977B4A2-F3F3-3BE5-ACB1-A298249C1890}.RelWithDebInfo|Win32.ActiveCfg = RelWithDebInfo|Win32
		{5977B4A2-F3F3-3BE5-ACB1-A298249C1890}.RelWithDebInfo|Win32.Build.0 = RelWithDebInfo|Win32
		{5977B4A2-F3F3-3BE5-ACB1-A298249C1890}.Debug|Win32.ActiveCfg = Debug|Win32
		{5977B4A2-F3F3-3BE5-ACB1-A298249C1890}.Debug|Win32.Build.0 = Debug|Win32
		{DB594F55-E2A4-3C43-A47E-BF590233212C}.Release|Win32.ActiveCfg = Release|Win32
		{DB594F55-E2A4-3C43-A47E-BF590233212C}.Release|Win32.Build.0 = Release|Win32
		{DB594F55-E2A4-3C43-A47E-BF590233212C}.RelWithDebInfo|Win32.ActiveCfg = RelWithDebInfo|Win32
		{DB594F55-E2A4-3C43-A47E-BF590233212C}.RelWithDebInfo|Win32.Build.0 = RelWithDebInfo|Win32
		{DB594F55-E2A4-3C43-A47E-BF590233212C}.Debug|Win32.ActiveCfg = Debug|Win32
		{DB594F55-E2A4-3C43-A47E-BF590233212C}.Debug|Win32.Build.0 = Debug|Win32
		{FC402854-F040-3B7F-B3F1-072D762D6C61}.Release|Win32.ActiveCfg = Release|Win32
		{FC402854-F040-3B7F-B3F1-072D762D6C61}.Release|Win32.Build.0 = Release|Win32
		{FC402854-F040-3B7F-B3F1-072D762D6C61}.RelWithDebInfo|Win32.ActiveCfg = RelWithDebInfo|Win32
		{FC402854-F040-3B7F-B3F1-072D762D6C61}.RelWithDebInfo|Win32.Build.0 = RelWithDebInfo|Win32
		{FC402854-F040-3B7F-B3F1-072D762D6C61}.Debug|Win32.ActiveCfg = Debug|Win32
		{FC402854-F040-3B7F-B3F1-072D762D6C61}.Debug|Win32.Build.0 = Debug|Win32
		{BAC57D75-5323-3EC3-9D7E-6ADBF46A3279}.Release|Win32.ActiveCfg = Release|Win32
		{BAC57D75-5323-3EC3-9D7E-6ADBF46A3279}.Release|Win32.Build.0 = Release|Win32
		{BAC57D75-5323-3EC3-9D7E-6ADBF46A3279}.RelWithDebInfo|Win32.ActiveCfg = RelWithDebInfo|Win32
		{BAC57D75-5323-3EC3-9D7E-6ADBF46A3279}.RelWithDebInfo|Win32.Build.0 = RelWithDebInfo|Win32
		{BAC57D75-5323-3EC3-9D7E-6ADBF46A3279}.Debug|Win32.ActiveCfg = Debug|Win32
		{BAC57D75-5323-3EC3-9D7E-6ADBF46A3279}.Debug|Win32.Build.0 = Debug|Win32
		{F83FAE8D-A904-3AC8-BB45-83BE6A667948}.Release|Win32.ActiveCfg = Release|Win32
		{F83FAE8D-A904-3AC8-BB45-83BE6A667948}.Release|Win32.Build.0 = Release|Win32
		{F83FAE8D-A904-3AC8-BB45-83BE6A667948}.RelWithDebInfo|Win32.ActiveCfg = RelWithDebInfo|Win32
		{F83FAE8D-A904-3AC8-BB45-83BE6A667948}.RelWithDebInfo|Win32.Build.0 = RelWithDebInfo|Win32
		{F83FAE8D-A904-3AC8-BB45-83BE6A667948}.Debug|Win32.ActiveCfg = Debug|Win32
		{F83FAE8D-A904-3AC8-BB45-83BE6A667948}.Debug|Win32.Build.0 = Debug|Win32
		{4F1BA5C9-01A5-39C4-B478-7345720D1145}.Release|Win32.ActiveCfg = Release|Win32
		{4F1BA5C9-01A5-39C4-B478-7345720D1145}.Release|Win32.Build.0 = Release|Win32
		{4F1BA5C9-01A5-39C4-B478-7345720D1145}.RelWithDebInfo|Win32.ActiveCfg = RelWithDebInfo|Win32
		{4F1BA5C9-01A5-39C4-B478-7345720D1145}.RelWithDebInfo|Win32.Build.0 = RelWithDebInfo|Win32
		{4F1BA5C9-01A5-39C4-B478-7345720D1145}.Debug|Win32.ActiveCfg = Debug|Win32
		{4F1BA5C9-01A5-39C4-B478-7345720D1145}.Debug|Win32.Build.0 = Debug|Win32
		{B469479B-B4B1-3F6E-8DC7-B5777DC89BC0}.Release|Win32.ActiveCfg = Release|Win32
		{B469479B-B4B1-3F6E-8DC7-B5777DC89BC0}.Release|Win32.Build.0 = Release|Win32
		{B469479B-B4B1-3F6E-8DC7-B5777DC89BC0}.RelWithDebInfo|Win32.ActiveCfg = RelWithDebInfo|Win32
		{B469479B-B4B1-3F6E-8DC7-B5777DC89BC0}.RelWithDebInfo|Win32.Build.0 = RelWithDebInfo|Win32
		{B469479B-B4B1-3F6E-8DC7-B5777DC89BC0}.Debug|Win32.ActiveCfg = Debug|Win32
		{B469479B-B4B1-3F6E-8DC7-B5777DC89BC0}.Debug|Win32.Build.0 = Debug|Win32
		{4D0D116B-8016-382D-8C8F-E9F0A03526AA}.Release|Win32.ActiveCfg = Release|Win32
		{4D0D116B-8016-382D-8C8F-E9F0A03526AA}.Release|Win32.Build.0 = Release|Win32
		{4D0D116B-8016-382D-8C8F-E9F0A03526AA}.RelWithDebInfo|Win32.ActiveCfg = RelWithDebInfo|Win32
		{4D0D116B-8016-382D-8C8F-E9F0A03526AA}.RelWithDebInfo|Win32.Build.0 = RelWithDebInfo|Win32
		{4D0D116B-8016-382D-8C8F-E9F0A03526AA}.Debug|Win32.ActiveCfg = Debug|Win32
		{4D0D116B-8016-382D-8C8F-E9F0A03526AA}.Debug|Win32.Build.0 = Debug|Win32
		{153A4511-D2A1-39C7-A5A4-B5FA8C8255F5}.Release|Win32.ActiveCfg = Release|Win32
		{153A4511-D2A1-39C7-A5A4-B5FA8C8255F5}.Release|Win32.Build.0 = Release|Win32
		{153A4511-D2A1-39C7-A5A4-B5FA8C8255F5}.RelWithDebInfo|Win32.ActiveCfg = RelWithDebInfo|Win32
		{153A4511-D2A1-39C7-A5A4-B5FA8C8255F5}.RelWithDebInfo|Win32.Build.0 = RelWithDebInfo|Win32
		{153A4511-D2A1-39C7-A5A4-B5FA8C8255F5}.Debug|Win32.ActiveCfg = Debug|Win32
		{153A4511-D2A1-39C7-A5A4-B5FA8C8255F5}.Debug|Win32.Build.0 = Debug|Win32
		{F987E810-D736-3EE3-8E6B-8B3AEEC9FF0D}.Release|Win32.ActiveCfg = Release|Win32
		{F987E810-D736-3EE3-8E6B-8B3AEEC9FF0D}.Release|Win32.Build.0 = Release|Win32
		{F987E810-D736-3EE3-8E6B-8B3AEEC9FF0D}.RelWithDebInfo|Win32.ActiveCfg = RelWithDebInfo|Win32
		{F987E810-D736-3EE3-8E6B-8B3AEEC9FF0D}.RelWithDebInfo|Win32.Build.0 = RelWithDebInfo|Win32
		{F987E810-D736-3EE3-8E6B-8B3AEEC9FF0D}.Debug|Win32.ActiveCfg = Debug|Win32
		{F987E810-D736-3EE3-8E6B-8B3AEEC9FF0D}.Debug|Win32.Build.0 = Debug|Win32
	EndGlobalSection
	GlobalSection(NestedProjects) = preSolution
		{B57CF955-5682-3E80-BDB4-F3D60812901E} = {8DBB17E4-ED9B-3E56-8D9E-A3C42538F051}
		{122DB396-A10C-364F-A783-565F1129FFEC} = {8DBB17E4-ED9B-3E56-8D9E-A3C42538F051}
		{AC89D13F-C19B-361E-A6B5-DC7DA0EBD9D2} = {8DBB17E4-ED9B-3E56-8D9E-A3C42538F051}
	EndGlobalSection
	GlobalSection(ExtensibilityGlobals) = postSolution
		SolutionGuid = {1AF0B847-0D6C-3E38-80DD-4971C169DF63}
	EndGlobalSection
	GlobalSection(ExtensibilityAddIns) = postSolution
	EndGlobalSection
EndGlobal
