Microsoft Visual Studio Solution File, Format Version 12.00
# Visual Studio 2013
Project("{2150E333-8FDC-42A3-9474-1A3956D46DE8}") = "CMakePredefinedTargets", "CMakePredefinedTargets", "{8DBB17E4-ED9B-3E56-8D9E-A3C42538F051}"
EndProject
Project("{8BC9CEB8-8B4A-11D0-8D11-00A0C91BC942}") = "ALL_BUILD", "ALL_BUILD.vcxproj", "{B57CF955-5682-3E80-BDB4-F3D60812901E}"
	ProjectSection(ProjectDependencies) = postProject
		{AC89D13F-C19B-361E-A6B5-DC7DA0EBD9D2} = {AC89D13F-C19B-361E-A6B5-DC7DA0EBD9D2}
		{7A31DF09-3B4B-3D55-9D8F-16DE6D610DE5} = {7A31DF09-3B4B-3D55-9D8F-16DE6D610DE5}
		{B7E847C7-87FF-3EAF-ADCF-249D5DB53291} = {B7E847C7-87FF-3EAF-ADCF-249D5DB53291}
		{8A39D2F6-C18A-38E4-AB90-2771D03A2474} = {8A39D2F6-C18A-38E4-AB90-2771D03A2474}
		{B91723EF-4C60-394A-ACB9-C21904DEBC13} = {B91723EF-4C60-394A-ACB9-C21904DEBC13}
		{4B8BD51B-B387-3BB7-BB8A-269F09C95EE8} = {4B8BD51B-B387-3BB7-BB8A-269F09C95EE8}
		{69221627-BFAF-3B53-B016-9CB730519E62} = {69221627-BFAF-3B53-B016-9CB730519E62}
		{EE320A4C-2DB7-357B-8699-4BAAD5054CD0} = {EE320A4C-2DB7-357B-8699-4BAAD5054CD0}
		{7900F715-DA79-3243-ADAC-CEF99B150DE0} = {7900F715-DA79-3243-ADAC-CEF99B150DE0}
		{2483BC63-F21B-3A25-B6A1-27A435D67486} = {2483BC63-F21B-3A25-B6A1-27A435D67486}
		{FC402854-F040-3B7F-B3F1-072D762D6C61} = {FC402854-F040-3B7F-B3F1-072D762D6C61}
		{4F1BA5C9-01A5-39C4-B478-7345720D1145} = {4F1BA5C9-01A5-39C4-B478-7345720D1145}
		{B469479B-B4B1-3F6E-8DC7-B5777DC89BC0} = {B469479B-B4B1-3F6E-8DC7-B5777DC89BC0}
		{153A4511-D2A1-39C7-A5A4-B5FA8C8255F5} = {153A4511-D2A1-39C7-A5A4-B5FA8C8255F5}
	EndProjectSection
EndProject
Project("{8BC9CEB8-8B4A-11D0-8D11-00A0C91BC942}") = "INSTALL", "INSTALL.vcxproj", "{122DB396-A10C-364F-A783-565F1129FFEC}"
	ProjectSection(ProjectDependencies) = postProject
		{B57CF955-5682-3E80-BDB4-F3D60812901E} = {B57CF955-5682-3E80-BDB4-F3D60812901E}
		{AC89D13F-C19B-361E-A6B5-DC7DA0EBD9D2} = {AC89D13F-C19B-361E-A6B5-DC7DA0EBD9D2}
	EndProjectSection
EndProject
Project("{8BC9CEB8-8B4A-11D0-8D11-00A0C91BC942}") = "ZERO_CHECK", "..\..\\ZERO_CHECK.vcxproj", "{AC89D13F-C19B-361E-A6B5-DC7DA0EBD9D2}"
	ProjectSection(ProjectDependencies) = postProject
	EndProjectSection
EndProject
Project("{8BC9CEB8-8B4A-11D0-8D11-00A0C91BC942}") = "all_tests", "tests\all_tests.vcxproj", "{7A31DF09-3B4B-3D55-9D8F-16DE6D610DE5}"
	ProjectSection(ProjectDependencies) = postProject
		{AC89D13F-C19B-361E-A6B5-DC7DA0EBD9D2} = {AC89D13F-C19B-361E-A6B5-DC7DA0EBD9D2}
		{7900F715-DA79-3243-ADAC-CEF99B150DE0} = {7900F715-DA79-3243-ADAC-CEF99B150DE0}
		{B469479B-B4B1-3F6E-8DC7-B5777DC89BC0} = {B469479B-B4B1-3F6E-8DC7-B5777DC89BC0}
	EndProjectSection
EndProject
Project("{8BC9CEB8-8B4A-11D0-8D11-00A0C91BC942}") = "api", "tests\api.vcxproj", "{B7E847C7-87FF-3EAF-ADCF-249D5DB53291}"
	ProjectSection(ProjectDependencies) = postProject
		{AC89D13F-C19B-361E-A6B5-DC7DA0EBD9D2} = {AC89D13F-C19B-361E-A6B5-DC7DA0EBD9D2}
		{7900F715-DA79-3243-ADAC-CEF99B150DE0} = {7900F715-DA79-3243-ADAC-CEF99B150DE0}
		{B469479B-B4B1-3F6E-8DC7-B5777DC89BC0} = {B469479B-B4B1-3F6E-8DC7-B5777DC89BC0}
	EndProjectSection
EndProject
Project("{8BC9CEB8-8B4A-11D0-8D11-00A0C91BC942}") = "bip_lock", "tests\bip_lock.vcxproj", "{8A39D2F6-C18A-38E4-AB90-2771D03A2474}"
	ProjectSection(ProjectDependencies) = postProject
		{AC89D13F-C19B-361E-A6B5-DC7DA0EBD9D2} = {AC89D13F-C19B-361E-A6B5-DC7DA0EBD9D2}
		{7900F715-DA79-3243-ADAC-CEF99B150DE0} = {7900F715-DA79-3243-ADAC-CEF99B150DE0}
		{B469479B-B4B1-3F6E-8DC7-B5777DC89BC0} = {B469479B-B4B1-3F6E-8DC7-B5777DC89BC0}
	EndProjectSection
EndProject
Project("{8BC9CEB8-8B4A-11D0-8D11-00A0C91BC942}") = "blind", "tests\blind.vcxproj", "{B91723EF-4C60-394A-ACB9-C21904DEBC13}"
	ProjectSection(ProjectDependencies) = postProject
		{AC89D13F-C19B-361E-A6B5-DC7DA0EBD9D2} = {AC89D13F-C19B-361E-A6B5-DC7DA0EBD9D2}
		{7900F715-DA79-3243-ADAC-CEF99B150DE0} = {7900F715-DA79-3243-ADAC-CEF99B150DE0}
		{B469479B-B4B1-3F6E-8DC7-B5777DC89BC0} = {B469479B-B4B1-3F6E-8DC7-B5777DC89BC0}
	EndProjectSection
EndProject
Project("{8BC9CEB8-8B4A-11D0-8D11-00A0C91BC942}") = "blinding_test", "tests\blinding_test.vcxproj", "{4B8BD51B-B387-3BB7-BB8A-269F09C95EE8}"
	ProjectSection(ProjectDependencies) = postProject
		{AC89D13F-C19B-361E-A6B5-DC7DA0EBD9D2} = {AC89D13F-C19B-361E-A6B5-DC7DA0EBD9D2}
		{7900F715-DA79-3243-ADAC-CEF99B150DE0} = {7900F715-DA79-3243-ADAC-CEF99B150DE0}
		{B469479B-B4B1-3F6E-8DC7-B5777DC89BC0} = {B469479B-B4B1-3F6E-8DC7-B5777DC89BC0}
	EndProjectSection
EndProject
Project("{8BC9CEB8-8B4A-11D0-8D11-00A0C91BC942}") = "bloom_test", "tests\bloom_test.vcxproj", "{69221627-BFAF-3B53-B016-9CB730519E62}"
	ProjectSection(ProjectDependencies) = postProject
		{AC89D13F-C19B-361E-A6B5-DC7DA0EBD9D2} = {AC89D13F-C19B-361E-A6B5-DC7DA0EBD9D2}
		{7900F715-DA79-3243-ADAC-CEF99B150DE0} = {7900F715-DA79-3243-ADAC-CEF99B150DE0}
		{B469479B-B4B1-3F6E-8DC7-B5777DC89BC0} = {B469479B-B4B1-3F6E-8DC7-B5777DC89BC0}
	EndProjectSection
EndProject
Project("{8BC9CEB8-8B4A-11D0-8D11-00A0C91BC942}") = "ecc_test", "tests\ecc_test.vcxproj", "{EE320A4C-2DB7-357B-8699-4BAAD5054CD0}"
	ProjectSection(ProjectDependencies) = postProject
		{AC89D13F-C19B-361E-A6B5-DC7DA0EBD9D2} = {AC89D13F-C19B-361E-A6B5-DC7DA0EBD9D2}
		{7900F715-DA79-3243-ADAC-CEF99B150DE0} = {7900F715-DA79-3243-ADAC-CEF99B150DE0}
		{B469479B-B4B1-3F6E-8DC7-B5777DC89BC0} = {B469479B-B4B1-3F6E-8DC7-B5777DC89BC0}
	EndProjectSection
EndProject
Project("{8BC9CEB8-8B4A-11D0-8D11-00A0C91BC942}") = "fc", "fc.vcxproj", "{7900F715-DA79-3243-ADAC-CEF99B150DE0}"
	ProjectSection(ProjectDependencies) = postProject
		{AC89D13F-C19B-361E-A6B5-DC7DA0EBD9D2} = {AC89D13F-C19B-361E-A6B5-DC7DA0EBD9D2}
		{B469479B-B4B1-3F6E-8DC7-B5777DC89BC0} = {B469479B-B4B1-3F6E-8DC7-B5777DC89BC0}
	EndProjectSection
EndProject
Project("{8BC9CEB8-8B4A-11D0-8D11-00A0C91BC942}") = "hmac_test", "tests\hmac_test.vcxproj", "{2483BC63-F21B-3A25-B6A1-27A435D67486}"
	ProjectSection(ProjectDependencies) = postProject
		{AC89D13F-C19B-361E-A6B5-DC7DA0EBD9D2} = {AC89D13F-C19B-361E-A6B5-DC7DA0EBD9D2}
		{7900F715-DA79-3243-ADAC-CEF99B150DE0} = {7900F715-DA79-3243-ADAC-CEF99B150DE0}
		{B469479B-B4B1-3F6E-8DC7-B5777DC89BC0} = {B469479B-B4B1-3F6E-8DC7-B5777DC89BC0}
	EndProjectSection
EndProject
Project("{8BC9CEB8-8B4A-11D0-8D11-00A0C91BC942}") = "log_test", "tests\log_test.vcxproj", "{FC402854-F040-3B7F-B3F1-072D762D6C61}"
	ProjectSection(ProjectDependencies) = postProject
		{AC89D13F-C19B-361E-A6B5-DC7DA0EBD9D2} = {AC89D13F-C19B-361E-A6B5-DC7DA0EBD9D2}
		{7900F715-DA79-3243-ADAC-CEF99B150DE0} = {7900F715-DA79-3243-ADAC-CEF99B150DE0}
		{B469479B-B4B1-3F6E-8DC7-B5777DC89BC0} = {B469479B-B4B1-3F6E-8DC7-B5777DC89BC0}
	EndProjectSection
EndProject
Project("{8BC9CEB8-8B4A-11D0-8D11-00A0C91BC942}") = "real128_test", "tests\real128_test.vcxproj", "{4F1BA5C9-01A5-39C4-B478-7345720D1145}"
	ProjectSection(ProjectDependencies) = postProject
		{AC89D13F-C19B-361E-A6B5-DC7DA0EBD9D2} = {AC89D13F-C19B-361E-A6B5-DC7DA0EBD9D2}
		{7900F715-DA79-3243-ADAC-CEF99B150DE0} = {7900F715-DA79-3243-ADAC-CEF99B150DE0}
		{B469479B-B4B1-3F6E-8DC7-B5777DC89BC0} = {B469479B-B4B1-3F6E-8DC7-B5777DC89BC0}
	EndProjectSection
EndProject
Project("{8BC9CEB8-8B4A-11D0-8D11-00A0C91BC942}") = "secp256k1", "secp256k1.vcxproj", "{B469479B-B4B1-3F6E-8DC7-B5777DC89BC0}"
	ProjectSection(ProjectDependencies) = postProject
		{AC89D13F-C19B-361E-A6B5-DC7DA0EBD9D2} = {AC89D13F-C19B-361E-A6B5-DC7DA0EBD9D2}
	EndProjectSection
EndProject
Project("{8BC9CEB8-8B4A-11D0-8D11-00A0C91BC942}") = "task_cancel_test", "tests\task_cancel_test.vcxproj", "{153A4511-D2A1-39C7-A5A4-B5FA8C8255F5}"
	ProjectSection(ProjectDependencies) = postProject
		{AC89D13F-C19B-361E-A6B5-DC7DA0EBD9D2} = {AC89D13F-C19B-361E-A6B5-DC7DA0EBD9D2}
		{7900F715-DA79-3243-ADAC-CEF99B150DE0} = {7900F715-DA79-3243-ADAC-CEF99B150DE0}
		{B469479B-B4B1-3F6E-8DC7-B5777DC89BC0} = {B469479B-B4B1-3F6E-8DC7-B5777DC89BC0}
	EndProjectSection
EndProject
Global
	GlobalSection(SolutionConfigurationPlatforms) = preSolution
		Release|Win32 = Release|Win32
		RelWithDebInfo|Win32 = RelWithDebInfo|Win32
		Debug|Win32 = Debug|Win32
	EndGlobalSection
	GlobalSection(ProjectConfigurationPlatforms) = postSolution
		{B57CF955-5682-3E80-BDB4-F3D60812901E}.Release|Win32.ActiveCfg = Release|Win32
		{B57CF955-5682-3E80-BDB4-F3D60812901E}.Release|Win32.Build.0 = Release|Win32
		{B57CF955-5682-3E80-BDB4-F3D60812901E}.RelWithDebInfo|Win32.ActiveCfg = RelWithDebInfo|Win32
		{B57CF955-5682-3E80-BDB4-F3D60812901E}.RelWithDebInfo|Win32.Build.0 = RelWithDebInfo|Win32
		{B57CF955-5682-3E80-BDB4-F3D60812901E}.Debug|Win32.ActiveCfg = Debug|Win32
		{B57CF955-5682-3E80-BDB4-F3D60812901E}.Debug|Win32.Build.0 = Debug|Win32
		{122DB396-A10C-364F-A783-565F1129FFEC}.Release|Win32.ActiveCfg = Release|Win32
		{122DB396-A10C-364F-A783-565F1129FFEC}.RelWithDebInfo|Win32.ActiveCfg = RelWithDebInfo|Win32
		{122DB396-A10C-364F-A783-565F1129FFEC}.Debug|Win32.ActiveCfg = Debug|Win32
		{AC89D13F-C19B-361E-A6B5-DC7DA0EBD9D2}.Release|Win32.ActiveCfg = Release|Win32
		{AC89D13F-C19B-361E-A6B5-DC7DA0EBD9D2}.Release|Win32.Build.0 = Release|Win32
		{AC89D13F-C19B-361E-A6B5-DC7DA0EBD9D2}.RelWithDebInfo|Win32.ActiveCfg = RelWithDebInfo|Win32
		{AC89D13F-C19B-361E-A6B5-DC7DA0EBD9D2}.RelWithDebInfo|Win32.Build.0 = RelWithDebInfo|Win32
		{AC89D13F-C19B-361E-A6B5-DC7DA0EBD9D2}.Debug|Win32.ActiveCfg = Debug|Win32
		{AC89D13F-C19B-361E-A6B5-DC7DA0EBD9D2}.Debug|Win32.Build.0 = Debug|Win32
		{7A31DF09-3B4B-3D55-9D8F-16DE6D610DE5}.Release|Win32.ActiveCfg = Release|Win32
		{7A31DF09-3B4B-3D55-9D8F-16DE6D610DE5}.Release|Win32.Build.0 = Release|Win32
		{7A31DF09-3B4B-3D55-9D8F-16DE6D610DE5}.RelWithDebInfo|Win32.ActiveCfg = RelWithDebInfo|Win32
		{7A31DF09-3B4B-3D55-9D8F-16DE6D610DE5}.RelWithDebInfo|Win32.Build.0 = RelWithDebInfo|Win32
		{7A31DF09-3B4B-3D55-9D8F-16DE6D610DE5}.Debug|Win32.ActiveCfg = Debug|Win32
		{7A31DF09-3B4B-3D55-9D8F-16DE6D610DE5}.Debug|Win32.Build.0 = Debug|Win32
		{B7E847C7-87FF-3EAF-ADCF-249D5DB53291}.Release|Win32.ActiveCfg = Release|Win32
		{B7E847C7-87FF-3EAF-ADCF-249D5DB53291}.Release|Win32.Build.0 = Release|Win32
		{B7E847C7-87FF-3EAF-ADCF-249D5DB53291}.RelWithDebInfo|Win32.ActiveCfg = RelWithDebInfo|Win32
		{B7E847C7-87FF-3EAF-ADCF-249D5DB53291}.RelWithDebInfo|Win32.Build.0 = RelWithDebInfo|Win32
		{B7E847C7-87FF-3EAF-ADCF-249D5DB53291}.Debug|Win32.ActiveCfg = Debug|Win32
		{B7E847C7-87FF-3EAF-ADCF-249D5DB53291}.Debug|Win32.Build.0 = Debug|Win32
		{8A39D2F6-C18A-38E4-AB90-2771D03A2474}.Release|Win32.ActiveCfg = Release|Win32
		{8A39D2F6-C18A-38E4-AB90-2771D03A2474}.Release|Win32.Build.0 = Release|Win32
		{8A39D2F6-C18A-38E4-AB90-2771D03A2474}.RelWithDebInfo|Win32.ActiveCfg = RelWithDebInfo|Win32
		{8A39D2F6-C18A-38E4-AB90-2771D03A2474}.RelWithDebInfo|Win32.Build.0 = RelWithDebInfo|Win32
		{8A39D2F6-C18A-38E4-AB90-2771D03A2474}.Debug|Win32.ActiveCfg = Debug|Win32
		{8A39D2F6-C18A-38E4-AB90-2771D03A2474}.Debug|Win32.Build.0 = Debug|Win32
		{B91723EF-4C60-394A-ACB9-C21904DEBC13}.Release|Win32.ActiveCfg = Release|Win32
		{B91723EF-4C60-394A-ACB9-C21904DEBC13}.Release|Win32.Build.0 = Release|Win32
		{B91723EF-4C60-394A-ACB9-C21904DEBC13}.RelWithDebInfo|Win32.ActiveCfg = RelWithDebInfo|Win32
		{B91723EF-4C60-394A-ACB9-C21904DEBC13}.RelWithDebInfo|Win32.Build.0 = RelWithDebInfo|Win32
		{B91723EF-4C60-394A-ACB9-C21904DEBC13}.Debug|Win32.ActiveCfg = Debug|Win32
		{B91723EF-4C60-394A-ACB9-C21904DEBC13}.Debug|Win32.Build.0 = Debug|Win32
		{4B8BD51B-B387-3BB7-BB8A-269F09C95EE8}.Release|Win32.ActiveCfg = Release|Win32
		{4B8BD51B-B387-3BB7-BB8A-269F09C95EE8}.Release|Win32.Build.0 = Release|Win32
		{4B8BD51B-B387-3BB7-BB8A-269F09C95EE8}.RelWithDebInfo|Win32.ActiveCfg = RelWithDebInfo|Win32
		{4B8BD51B-B387-3BB7-BB8A-269F09C95EE8}.RelWithDebInfo|Win32.Build.0 = RelWithDebInfo|Win32
		{4B8BD51B-B387-3BB7-BB8A-269F09C95EE8}.Debug|Win32.ActiveCfg = Debug|Win32
		{4B8BD51B-B387-3BB7-BB8A-269F09C95EE8}.Debug|Win32.Build.0 = Debug|Win32
		{69221627-BFAF-3B53-B016-9CB730519E62}.Release|Win32.ActiveCfg = Release|Win32
		{69221627-BFAF-3B53-B016-9CB730519E62}.Release|Win32.Build.0 = Release|Win32
		{69221627-BFAF-3B53-B016-9CB730519E62}.RelWithDebInfo|Win32.ActiveCfg = RelWithDebInfo|Win32
		{69221627-BFAF-3B53-B016-9CB730519E62}.RelWithDebInfo|Win32.Build.0 = RelWithDebInfo|Win32
		{69221627-BFAF-3B53-B016-9CB730519E62}.Debug|Win32.ActiveCfg = Debug|Win32
		{69221627-BFAF-3B53-B016-9CB730519E62}.Debug|Win32.Build.0 = Debug|Win32
		{EE320A4C-2DB7-357B-8699-4BAAD5054CD0}.Release|Win32.ActiveCfg = Release|Win32
		{EE320A4C-2DB7-357B-8699-4BAAD5054CD0}.Release|Win32.Build.0 = Release|Win32
		{EE320A4C-2DB7-357B-8699-4BAAD5054CD0}.RelWithDebInfo|Win32.ActiveCfg = RelWithDebInfo|Win32
		{EE320A4C-2DB7-357B-8699-4BAAD5054CD0}.RelWithDebInfo|Win32.Build.0 = RelWithDebInfo|Win32
		{EE320A4C-2DB7-357B-8699-4BAAD5054CD0}.Debug|Win32.ActiveCfg = Debug|Win32
		{EE320A4C-2DB7-357B-8699-4BAAD5054CD0}.Debug|Win32.Build.0 = Debug|Win32
		{7900F715-DA79-3243-ADAC-CEF99B150DE0}.Release|Win32.ActiveCfg = Release|Win32
		{7900F715-DA79-3243-ADAC-CEF99B150DE0}.Release|Win32.Build.0 = Release|Win32
		{7900F715-DA79-3243-ADAC-CEF99B150DE0}.RelWithDebInfo|Win32.ActiveCfg = RelWithDebInfo|Win32
		{7900F715-DA79-3243-ADAC-CEF99B150DE0}.RelWithDebInfo|Win32.Build.0 = RelWithDebInfo|Win32
		{7900F715-DA79-3243-ADAC-CEF99B150DE0}.Debug|Win32.ActiveCfg = Debug|Win32
		{7900F715-DA79-3243-ADAC-CEF99B150DE0}.Debug|Win32.Build.0 = Debug|Win32
		{2483BC63-F21B-3A25-B6A1-27A435D67486}.Release|Win32.ActiveCfg = Release|Win32
		{2483BC63-F21B-3A25-B6A1-27A435D67486}.Release|Win32.Build.0 = Release|Win32
		{2483BC63-F21B-3A25-B6A1-27A435D67486}.RelWithDebInfo|Win32.ActiveCfg = RelWithDebInfo|Win32
		{2483BC63-F21B-3A25-B6A1-27A435D67486}.RelWithDebInfo|Win32.Build.0 = RelWithDebInfo|Win32
		{2483BC63-F21B-3A25-B6A1-27A435D67486}.Debug|Win32.ActiveCfg = Debug|Win32
		{2483BC63-F21B-3A25-B6A1-27A435D67486}.Debug|Win32.Build.0 = Debug|Win32
		{FC402854-F040-3B7F-B3F1-072D762D6C61}.Release|Win32.ActiveCfg = Release|Win32
		{FC402854-F040-3B7F-B3F1-072D762D6C61}.Release|Win32.Build.0 = Release|Win32
		{FC402854-F040-3B7F-B3F1-072D762D6C61}.RelWithDebInfo|Win32.ActiveCfg = RelWithDebInfo|Win32
		{FC402854-F040-3B7F-B3F1-072D762D6C61}.RelWithDebInfo|Win32.Build.0 = RelWithDebInfo|Win32
		{FC402854-F040-3B7F-B3F1-072D762D6C61}.Debug|Win32.ActiveCfg = Debug|Win32
		{FC402854-F040-3B7F-B3F1-072D762D6C61}.Debug|Win32.Build.0 = Debug|Win32
		{4F1BA5C9-01A5-39C4-B478-7345720D1145}.Release|Win32.ActiveCfg = Release|Win32
		{4F1BA5C9-01A5-39C4-B478-7345720D1145}.Release|Win32.Build.0 = Release|Win32
		{4F1BA5C9-01A5-39C4-B478-7345720D1145}.RelWithDebInfo|Win32.ActiveCfg = RelWithDebInfo|Win32
		{4F1BA5C9-01A5-39C4-B478-7345720D1145}.RelWithDebInfo|Win32.Build.0 = RelWithDebInfo|Win32
		{4F1BA5C9-01A5-39C4-B478-7345720D1145}.Debug|Win32.ActiveCfg = Debug|Win32
		{4F1BA5C9-01A5-39C4-B478-7345720D1145}.Debug|Win32.Build.0 = Debug|Win32
		{B469479B-B4B1-3F6E-8DC7-B5777DC89BC0}.Release|Win32.ActiveCfg = Release|Win32
		{B469479B-B4B1-3F6E-8DC7-B5777DC89BC0}.Release|Win32.Build.0 = Release|Win32
		{B469479B-B4B1-3F6E-8DC7-B5777DC89BC0}.RelWithDebInfo|Win32.ActiveCfg = RelWithDebInfo|Win32
		{B469479B-B4B1-3F6E-8DC7-B5777DC89BC0}.RelWithDebInfo|Win32.Build.0 = RelWithDebInfo|Win32
		{B469479B-B4B1-3F6E-8DC7-B5777DC89BC0}.Debug|Win32.ActiveCfg = Debug|Win32
		{B469479B-B4B1-3F6E-8DC7-B5777DC89BC0}.Debug|Win32.Build.0 = Debug|Win32
		{153A4511-D2A1-39C7-A5A4-B5FA8C8255F5}.Release|Win32.ActiveCfg = Release|Win32
		{153A4511-D2A1-39C7-A5A4-B5FA8C8255F5}.Release|Win32.Build.0 = Release|Win32
		{153A4511-D2A1-39C7-A5A4-B5FA8C8255F5}.RelWithDebInfo|Win32.ActiveCfg = RelWithDebInfo|Win32
		{153A4511-D2A1-39C7-A5A4-B5FA8C8255F5}.RelWithDebInfo|Win32.Build.0 = RelWithDebInfo|Win32
		{153A4511-D2A1-39C7-A5A4-B5FA8C8255F5}.Debug|Win32.ActiveCfg = Debug|Win32
		{153A4511-D2A1-39C7-A5A4-B5FA8C8255F5}.Debug|Win32.Build.0 = Debug|Win32
	EndGlobalSection
	GlobalSection(NestedProjects) = preSolution
		{B57CF955-5682-3E80-BDB4-F3D60812901E} = {8DBB17E4-ED9B-3E56-8D9E-A3C42538F051}
		{122DB396-A10C-364F-A783-565F1129FFEC} = {8DBB17E4-ED9B-3E56-8D9E-A3C42538F051}
		{AC89D13F-C19B-361E-A6B5-DC7DA0EBD9D2} = {8DBB17E4-ED9B-3E56-8D9E-A3C42538F051}
	EndGlobalSection
	GlobalSection(ExtensibilityGlobals) = postSolution
		SolutionGuid = {5B40AD4E-0389-3C50-B8E9-B8648F2179AA}
	EndGlobalSection
	GlobalSection(ExtensibilityAddIns) = postSolution
	EndGlobalSection
EndGlobal
